
Microsoft Visual Studio Solution File, Format Version 12.00
# Visual Studio Version 16
VisualStudioVersion = 16.0.30320.27
MinimumVisualStudioVersion = 10.0.40219.1
Project("{8BC9CEB8-8B4A-11D0-8D11-00A0C91BC942}") = "No.9", "No.9\No.9.vcxproj", "{93F7FF25-092D-45AF-AD59-B978584AEBE5}"
EndProject
Project("{8BC9CEB8-8B4A-11D0-8D11-00A0C91BC942}") = "No.1", "No.1(TopCoder)\No.1.vcxproj", "{D5B76FFA-FF4A-42F9-AEE7-857026865BF1}"
EndProject
Project("{8BC9CEB8-8B4A-11D0-8D11-00A0C91BC942}") = "No.2", "No.2(TopCoder)\No.2.vcxproj", "{D88A8236-5D93-4C74-A334-EB102F1BBE7D}"
EndProject
Project("{8BC9CEB8-8B4A-11D0-8D11-00A0C91BC942}") = "No.3", "No.3(TopCoder)\No.3.vcxproj", "{A01AB17C-434B-463E-B71C-6A0863A41AB2}"
EndProject
Project("{8BC9CEB8-8B4A-11D0-8D11-00A0C91BC942}") = "No.4", "No.4(TopCoder)\No.4.vcxproj", "{79CC5D54-CFA1-4FE5-86A2-52D8EFFC7B2D}"
EndProject
Project("{8BC9CEB8-8B4A-11D0-8D11-00A0C91BC942}") = "No.5", "No.5(TopCoder)\No.5.vcxproj", "{06E9D82E-8627-4EC7-A33F-56DF12AE415B}"
EndProject
Project("{8BC9CEB8-8B4A-11D0-8D11-00A0C91BC942}") = "No.6", "No.6(TopCoder)\No.6.vcxproj", "{99147B09-D17C-4D24-A9FF-78BB023632AE}"
EndProject
Project("{8BC9CEB8-8B4A-11D0-8D11-00A0C91BC942}") = "No.7", "No.7(TopCoder)\No.7.vcxproj", "{44F7B4EC-DB46-4C17-9C8B-E3FE6BB4B52E}"
EndProject
Project("{8BC9CEB8-8B4A-11D0-8D11-00A0C91BC942}") = "No.8", "No.8(TopCoder)\No.8.vcxproj", "{123EEC62-8213-417E-85D9-C7869D64CCCD}"
EndProject
Project("{8BC9CEB8-8B4A-11D0-8D11-00A0C91BC942}") = "No.10", "No.10\No.10.vcxproj", "{014E36BF-590E-4F87-AEFE-8498EB34BBA9}"
EndProject
Project("{8BC9CEB8-8B4A-11D0-8D11-00A0C91BC942}") = "No.11", "No.11\No.11.vcxproj", "{F9CF60F4-E705-4CF6-A6AF-BADE70CF4955}"
EndProject
Project("{8BC9CEB8-8B4A-11D0-8D11-00A0C91BC942}") = "No.12", "No.12\No.12.vcxproj", "{6BFA9D49-593D-4C98-A9EB-6FDBB9F81E1C}"
EndProject
Project("{8BC9CEB8-8B4A-11D0-8D11-00A0C91BC942}") = "No.14", "No.14\No.14.vcxproj", "{BFFA1188-5478-402B-B2DF-4281F2F690E4}"
EndProject
Project("{8BC9CEB8-8B4A-11D0-8D11-00A0C91BC942}") = "No.15", "No.15\No.15.vcxproj", "{B3414BC1-2C6A-41C4-BE33-5ABD3A0A3E9F}"
EndProject
Project("{8BC9CEB8-8B4A-11D0-8D11-00A0C91BC942}") = "No.16", "No.16\No.16.vcxproj", "{B2D86F5E-D5A3-4319-A36E-38EA515B785C}"
EndProject
Project("{888888A0-9F3D-457C-B088-3A5042F75D52}") = "No.17", "No.17\No.17.pyproj", "{2458716A-98B6-4528-8B7F-94633E92F408}"
EndProject
Project("{8BC9CEB8-8B4A-11D0-8D11-00A0C91BC942}") = "No.13", "No.13\No.13.vcxproj", "{86C214FA-A229-4F5D-B135-66095AD528F7}"
EndProject
Project("{888888A0-9F3D-457C-B088-3A5042F75D52}") = "No.18", "No.18\No.18.pyproj", "{4F11666F-E35D-4942-BF0D-72E43B099192}"
EndProject
Project("{8BC9CEB8-8B4A-11D0-8D11-00A0C91BC942}") = "No.19", "No.19\No.19.vcxproj", "{F72DC484-D84F-4AB7-86B4-EC5C2A62A356}"
EndProject
Project("{888888A0-9F3D-457C-B088-3A5042F75D52}") = "No.20", "No.20\No.20.pyproj", "{4FD7197A-93CE-4452-BD87-F947DAD70E31}"
EndProject
Project("{8BC9CEB8-8B4A-11D0-8D11-00A0C91BC942}") = "No.21", "No.21\No.21.vcxproj", "{DDFF7B3C-55EF-4FE2-A84B-8C777835B73D}"
EndProject
Project("{8BC9CEB8-8B4A-11D0-8D11-00A0C91BC942}") = "No.22", "No.22\No.22.vcxproj", "{70E411D3-2D97-42D7-8859-9BBD9EC00432}"
EndProject
Project("{8BC9CEB8-8B4A-11D0-8D11-00A0C91BC942}") = "No.23", "NO.23\NO.23.vcxproj", "{C776E992-D781-4925-AB75-83EC27E908FF}"
EndProject
Project("{8BC9CEB8-8B4A-11D0-8D11-00A0C91BC942}") = "No.24", "No.24\No.24.vcxproj", "{FE58DC05-2A51-4FBC-BCC5-23C87010E1F0}"
EndProject
Project("{8BC9CEB8-8B4A-11D0-8D11-00A0C91BC942}") = "No.25", "No.25\No.25.vcxproj", "{AF9D522F-A081-486D-B5CC-D0FCC7FC91C9}"
EndProject
Project("{8BC9CEB8-8B4A-11D0-8D11-00A0C91BC942}") = "No.26", "No.26\No.26.vcxproj", "{04887A21-DB11-4DFE-A7C4-DF36894CADC8}"
EndProject
Project("{8BC9CEB8-8B4A-11D0-8D11-00A0C91BC942}") = "No.27", "No.27\No.27.vcxproj", "{63BB2497-C8A4-43DA-B45A-6C419595FC6E}"
EndProject
Project("{8BC9CEB8-8B4A-11D0-8D11-00A0C91BC942}") = "No.28", "No.28\No.28.vcxproj", "{C58628FA-A71F-4741-9DCA-5BF2FCAD1ACE}"
EndProject
Project("{8BC9CEB8-8B4A-11D0-8D11-00A0C91BC942}") = "No.29", "No.29\No.29.vcxproj", "{499FC56A-D702-41FD-8C39-3CF5E52CEABE}"
EndProject
Project("{8BC9CEB8-8B4A-11D0-8D11-00A0C91BC942}") = "No.30", "No.30\No.30.vcxproj", "{3DAFFEFB-ACCE-4371-A71A-6EC6CF00501A}"
EndProject
Project("{8BC9CEB8-8B4A-11D0-8D11-00A0C91BC942}") = "No.31", "No.31\No.31.vcxproj", "{81CD4EF9-80BC-443E-8F47-0657623682B7}"
EndProject
Project("{8BC9CEB8-8B4A-11D0-8D11-00A0C91BC942}") = "No.32", "No.32\No.32.vcxproj", "{653379A1-758B-4891-A003-D2975E9B1D71}"
EndProject
Global
	GlobalSection(SolutionConfigurationPlatforms) = preSolution
		Debug|Any CPU = Debug|Any CPU
		Debug|x64 = Debug|x64
		Debug|x86 = Debug|x86
		Release|Any CPU = Release|Any CPU
		Release|x64 = Release|x64
		Release|x86 = Release|x86
	EndGlobalSection
	GlobalSection(ProjectConfigurationPlatforms) = postSolution
		{93F7FF25-092D-45AF-AD59-B978584AEBE5}.Debug|Any CPU.ActiveCfg = Debug|Win32
		{93F7FF25-092D-45AF-AD59-B978584AEBE5}.Debug|x64.ActiveCfg = Debug|x64
		{93F7FF25-092D-45AF-AD59-B978584AEBE5}.Debug|x64.Build.0 = Debug|x64
		{93F7FF25-092D-45AF-AD59-B978584AEBE5}.Debug|x86.ActiveCfg = Debug|Win32
		{93F7FF25-092D-45AF-AD59-B978584AEBE5}.Debug|x86.Build.0 = Debug|Win32
		{93F7FF25-092D-45AF-AD59-B978584AEBE5}.Release|Any CPU.ActiveCfg = Release|Win32
		{93F7FF25-092D-45AF-AD59-B978584AEBE5}.Release|x64.ActiveCfg = Release|x64
		{93F7FF25-092D-45AF-AD59-B978584AEBE5}.Release|x64.Build.0 = Release|x64
		{93F7FF25-092D-45AF-AD59-B978584AEBE5}.Release|x86.ActiveCfg = Release|Win32
		{93F7FF25-092D-45AF-AD59-B978584AEBE5}.Release|x86.Build.0 = Release|Win32
		{D5B76FFA-FF4A-42F9-AEE7-857026865BF1}.Debug|Any CPU.ActiveCfg = Debug|Win32
		{D5B76FFA-FF4A-42F9-AEE7-857026865BF1}.Debug|x64.ActiveCfg = Debug|x64
		{D5B76FFA-FF4A-42F9-AEE7-857026865BF1}.Debug|x64.Build.0 = Debug|x64
		{D5B76FFA-FF4A-42F9-AEE7-857026865BF1}.Debug|x86.ActiveCfg = Debug|Win32
		{D5B76FFA-FF4A-42F9-AEE7-857026865BF1}.Debug|x86.Build.0 = Debug|Win32
		{D5B76FFA-FF4A-42F9-AEE7-857026865BF1}.Release|Any CPU.ActiveCfg = Release|Win32
		{D5B76FFA-FF4A-42F9-AEE7-857026865BF1}.Release|x64.ActiveCfg = Release|x64
		{D5B76FFA-FF4A-42F9-AEE7-857026865BF1}.Release|x64.Build.0 = Release|x64
		{D5B76FFA-FF4A-42F9-AEE7-857026865BF1}.Release|x86.ActiveCfg = Release|Win32
		{D5B76FFA-FF4A-42F9-AEE7-857026865BF1}.Release|x86.Build.0 = Release|Win32
		{D88A8236-5D93-4C74-A334-EB102F1BBE7D}.Debug|Any CPU.ActiveCfg = Debug|Win32
		{D88A8236-5D93-4C74-A334-EB102F1BBE7D}.Debug|x64.ActiveCfg = Debug|x64
		{D88A8236-5D93-4C74-A334-EB102F1BBE7D}.Debug|x64.Build.0 = Debug|x64
		{D88A8236-5D93-4C74-A334-EB102F1BBE7D}.Debug|x86.ActiveCfg = Debug|Win32
		{D88A8236-5D93-4C74-A334-EB102F1BBE7D}.Debug|x86.Build.0 = Debug|Win32
		{D88A8236-5D93-4C74-A334-EB102F1BBE7D}.Release|Any CPU.ActiveCfg = Release|Win32
		{D88A8236-5D93-4C74-A334-EB102F1BBE7D}.Release|x64.ActiveCfg = Release|x64
		{D88A8236-5D93-4C74-A334-EB102F1BBE7D}.Release|x64.Build.0 = Release|x64
		{D88A8236-5D93-4C74-A334-EB102F1BBE7D}.Release|x86.ActiveCfg = Release|Win32
		{D88A8236-5D93-4C74-A334-EB102F1BBE7D}.Release|x86.Build.0 = Release|Win32
		{A01AB17C-434B-463E-B71C-6A0863A41AB2}.Debug|Any CPU.ActiveCfg = Debug|Win32
		{A01AB17C-434B-463E-B71C-6A0863A41AB2}.Debug|x64.ActiveCfg = Debug|x64
		{A01AB17C-434B-463E-B71C-6A0863A41AB2}.Debug|x64.Build.0 = Debug|x64
		{A01AB17C-434B-463E-B71C-6A0863A41AB2}.Debug|x86.ActiveCfg = Debug|Win32
		{A01AB17C-434B-463E-B71C-6A0863A41AB2}.Debug|x86.Build.0 = Debug|Win32
		{A01AB17C-434B-463E-B71C-6A0863A41AB2}.Release|Any CPU.ActiveCfg = Release|Win32
		{A01AB17C-434B-463E-B71C-6A0863A41AB2}.Release|x64.ActiveCfg = Release|x64
		{A01AB17C-434B-463E-B71C-6A0863A41AB2}.Release|x64.Build.0 = Release|x64
		{A01AB17C-434B-463E-B71C-6A0863A41AB2}.Release|x86.ActiveCfg = Release|Win32
		{A01AB17C-434B-463E-B71C-6A0863A41AB2}.Release|x86.Build.0 = Release|Win32
		{79CC5D54-CFA1-4FE5-86A2-52D8EFFC7B2D}.Debug|Any CPU.ActiveCfg = Debug|Win32
		{79CC5D54-CFA1-4FE5-86A2-52D8EFFC7B2D}.Debug|x64.ActiveCfg = Debug|x64
		{79CC5D54-CFA1-4FE5-86A2-52D8EFFC7B2D}.Debug|x64.Build.0 = Debug|x64
		{79CC5D54-CFA1-4FE5-86A2-52D8EFFC7B2D}.Debug|x86.ActiveCfg = Debug|Win32
		{79CC5D54-CFA1-4FE5-86A2-52D8EFFC7B2D}.Debug|x86.Build.0 = Debug|Win32
		{79CC5D54-CFA1-4FE5-86A2-52D8EFFC7B2D}.Release|Any CPU.ActiveCfg = Release|Win32
		{79CC5D54-CFA1-4FE5-86A2-52D8EFFC7B2D}.Release|x64.ActiveCfg = Release|x64
		{79CC5D54-CFA1-4FE5-86A2-52D8EFFC7B2D}.Release|x64.Build.0 = Release|x64
		{79CC5D54-CFA1-4FE5-86A2-52D8EFFC7B2D}.Release|x86.ActiveCfg = Release|Win32
		{79CC5D54-CFA1-4FE5-86A2-52D8EFFC7B2D}.Release|x86.Build.0 = Release|Win32
		{06E9D82E-8627-4EC7-A33F-56DF12AE415B}.Debug|Any CPU.ActiveCfg = Debug|Win32
		{06E9D82E-8627-4EC7-A33F-56DF12AE415B}.Debug|x64.ActiveCfg = Debug|x64
		{06E9D82E-8627-4EC7-A33F-56DF12AE415B}.Debug|x64.Build.0 = Debug|x64
		{06E9D82E-8627-4EC7-A33F-56DF12AE415B}.Debug|x86.ActiveCfg = Debug|Win32
		{06E9D82E-8627-4EC7-A33F-56DF12AE415B}.Debug|x86.Build.0 = Debug|Win32
		{06E9D82E-8627-4EC7-A33F-56DF12AE415B}.Release|Any CPU.ActiveCfg = Release|Win32
		{06E9D82E-8627-4EC7-A33F-56DF12AE415B}.Release|x64.ActiveCfg = Release|x64
		{06E9D82E-8627-4EC7-A33F-56DF12AE415B}.Release|x64.Build.0 = Release|x64
		{06E9D82E-8627-4EC7-A33F-56DF12AE415B}.Release|x86.ActiveCfg = Release|Win32
		{06E9D82E-8627-4EC7-A33F-56DF12AE415B}.Release|x86.Build.0 = Release|Win32
		{99147B09-D17C-4D24-A9FF-78BB023632AE}.Debug|Any CPU.ActiveCfg = Debug|Win32
		{99147B09-D17C-4D24-A9FF-78BB023632AE}.Debug|x64.ActiveCfg = Debug|x64
		{99147B09-D17C-4D24-A9FF-78BB023632AE}.Debug|x64.Build.0 = Debug|x64
		{99147B09-D17C-4D24-A9FF-78BB023632AE}.Debug|x86.ActiveCfg = Debug|Win32
		{99147B09-D17C-4D24-A9FF-78BB023632AE}.Debug|x86.Build.0 = Debug|Win32
		{99147B09-D17C-4D24-A9FF-78BB023632AE}.Release|Any CPU.ActiveCfg = Release|Win32
		{99147B09-D17C-4D24-A9FF-78BB023632AE}.Release|x64.ActiveCfg = Release|x64
		{99147B09-D17C-4D24-A9FF-78BB023632AE}.Release|x64.Build.0 = Release|x64
		{99147B09-D17C-4D24-A9FF-78BB023632AE}.Release|x86.ActiveCfg = Release|Win32
		{99147B09-D17C-4D24-A9FF-78BB023632AE}.Release|x86.Build.0 = Release|Win32
		{44F7B4EC-DB46-4C17-9C8B-E3FE6BB4B52E}.Debug|Any CPU.ActiveCfg = Debug|Win32
		{44F7B4EC-DB46-4C17-9C8B-E3FE6BB4B52E}.Debug|x64.ActiveCfg = Debug|x64
		{44F7B4EC-DB46-4C17-9C8B-E3FE6BB4B52E}.Debug|x64.Build.0 = Debug|x64
		{44F7B4EC-DB46-4C17-9C8B-E3FE6BB4B52E}.Debug|x86.ActiveCfg = Debug|Win32
		{44F7B4EC-DB46-4C17-9C8B-E3FE6BB4B52E}.Debug|x86.Build.0 = Debug|Win32
		{44F7B4EC-DB46-4C17-9C8B-E3FE6BB4B52E}.Release|Any CPU.ActiveCfg = Release|Win32
		{44F7B4EC-DB46-4C17-9C8B-E3FE6BB4B52E}.Release|x64.ActiveCfg = Release|x64
		{44F7B4EC-DB46-4C17-9C8B-E3FE6BB4B52E}.Release|x64.Build.0 = Release|x64
		{44F7B4EC-DB46-4C17-9C8B-E3FE6BB4B52E}.Release|x86.ActiveCfg = Release|Win32
		{44F7B4EC-DB46-4C17-9C8B-E3FE6BB4B52E}.Release|x86.Build.0 = Release|Win32
		{123EEC62-8213-417E-85D9-C7869D64CCCD}.Debug|Any CPU.ActiveCfg = Debug|Win32
		{123EEC62-8213-417E-85D9-C7869D64CCCD}.Debug|x64.ActiveCfg = Debug|x64
		{123EEC62-8213-417E-85D9-C7869D64CCCD}.Debug|x64.Build.0 = Debug|x64
		{123EEC62-8213-417E-85D9-C7869D64CCCD}.Debug|x86.ActiveCfg = Debug|Win32
		{123EEC62-8213-417E-85D9-C7869D64CCCD}.Debug|x86.Build.0 = Debug|Win32
		{123EEC62-8213-417E-85D9-C7869D64CCCD}.Release|Any CPU.ActiveCfg = Release|Win32
		{123EEC62-8213-417E-85D9-C7869D64CCCD}.Release|x64.ActiveCfg = Release|x64
		{123EEC62-8213-417E-85D9-C7869D64CCCD}.Release|x64.Build.0 = Release|x64
		{123EEC62-8213-417E-85D9-C7869D64CCCD}.Release|x86.ActiveCfg = Release|Win32
		{123EEC62-8213-417E-85D9-C7869D64CCCD}.Release|x86.Build.0 = Release|Win32
		{014E36BF-590E-4F87-AEFE-8498EB34BBA9}.Debug|Any CPU.ActiveCfg = Debug|Win32
		{014E36BF-590E-4F87-AEFE-8498EB34BBA9}.Debug|x64.ActiveCfg = Debug|x64
		{014E36BF-590E-4F87-AEFE-8498EB34BBA9}.Debug|x64.Build.0 = Debug|x64
		{014E36BF-590E-4F87-AEFE-8498EB34BBA9}.Debug|x86.ActiveCfg = Debug|Win32
		{014E36BF-590E-4F87-AEFE-8498EB34BBA9}.Debug|x86.Build.0 = Debug|Win32
		{014E36BF-590E-4F87-AEFE-8498EB34BBA9}.Release|Any CPU.ActiveCfg = Release|Win32
		{014E36BF-590E-4F87-AEFE-8498EB34BBA9}.Release|x64.ActiveCfg = Release|x64
		{014E36BF-590E-4F87-AEFE-8498EB34BBA9}.Release|x64.Build.0 = Release|x64
		{014E36BF-590E-4F87-AEFE-8498EB34BBA9}.Release|x86.ActiveCfg = Release|Win32
		{014E36BF-590E-4F87-AEFE-8498EB34BBA9}.Release|x86.Build.0 = Release|Win32
		{F9CF60F4-E705-4CF6-A6AF-BADE70CF4955}.Debug|Any CPU.ActiveCfg = Debug|Win32
		{F9CF60F4-E705-4CF6-A6AF-BADE70CF4955}.Debug|x64.ActiveCfg = Debug|x64
		{F9CF60F4-E705-4CF6-A6AF-BADE70CF4955}.Debug|x64.Build.0 = Debug|x64
		{F9CF60F4-E705-4CF6-A6AF-BADE70CF4955}.Debug|x86.ActiveCfg = Debug|Win32
		{F9CF60F4-E705-4CF6-A6AF-BADE70CF4955}.Debug|x86.Build.0 = Debug|Win32
		{F9CF60F4-E705-4CF6-A6AF-BADE70CF4955}.Release|Any CPU.ActiveCfg = Release|Win32
		{F9CF60F4-E705-4CF6-A6AF-BADE70CF4955}.Release|x64.ActiveCfg = Release|x64
		{F9CF60F4-E705-4CF6-A6AF-BADE70CF4955}.Release|x64.Build.0 = Release|x64
		{F9CF60F4-E705-4CF6-A6AF-BADE70CF4955}.Release|x86.ActiveCfg = Release|Win32
		{F9CF60F4-E705-4CF6-A6AF-BADE70CF4955}.Release|x86.Build.0 = Release|Win32
		{6BFA9D49-593D-4C98-A9EB-6FDBB9F81E1C}.Debug|Any CPU.ActiveCfg = Debug|Win32
		{6BFA9D49-593D-4C98-A9EB-6FDBB9F81E1C}.Debug|x64.ActiveCfg = Debug|x64
		{6BFA9D49-593D-4C98-A9EB-6FDBB9F81E1C}.Debug|x64.Build.0 = Debug|x64
		{6BFA9D49-593D-4C98-A9EB-6FDBB9F81E1C}.Debug|x86.ActiveCfg = Debug|Win32
		{6BFA9D49-593D-4C98-A9EB-6FDBB9F81E1C}.Debug|x86.Build.0 = Debug|Win32
		{6BFA9D49-593D-4C98-A9EB-6FDBB9F81E1C}.Release|Any CPU.ActiveCfg = Release|Win32
		{6BFA9D49-593D-4C98-A9EB-6FDBB9F81E1C}.Release|x64.ActiveCfg = Release|x64
		{6BFA9D49-593D-4C98-A9EB-6FDBB9F81E1C}.Release|x64.Build.0 = Release|x64
		{6BFA9D49-593D-4C98-A9EB-6FDBB9F81E1C}.Release|x86.ActiveCfg = Release|Win32
		{6BFA9D49-593D-4C98-A9EB-6FDBB9F81E1C}.Release|x86.Build.0 = Release|Win32
		{BFFA1188-5478-402B-B2DF-4281F2F690E4}.Debug|Any CPU.ActiveCfg = Debug|Win32
		{BFFA1188-5478-402B-B2DF-4281F2F690E4}.Debug|x64.ActiveCfg = Debug|x64
		{BFFA1188-5478-402B-B2DF-4281F2F690E4}.Debug|x64.Build.0 = Debug|x64
		{BFFA1188-5478-402B-B2DF-4281F2F690E4}.Debug|x86.ActiveCfg = Debug|Win32
		{BFFA1188-5478-402B-B2DF-4281F2F690E4}.Debug|x86.Build.0 = Debug|Win32
		{BFFA1188-5478-402B-B2DF-4281F2F690E4}.Release|Any CPU.ActiveCfg = Release|Win32
		{BFFA1188-5478-402B-B2DF-4281F2F690E4}.Release|x64.ActiveCfg = Release|x64
		{BFFA1188-5478-402B-B2DF-4281F2F690E4}.Release|x64.Build.0 = Release|x64
		{BFFA1188-5478-402B-B2DF-4281F2F690E4}.Release|x86.ActiveCfg = Release|Win32
		{BFFA1188-5478-402B-B2DF-4281F2F690E4}.Release|x86.Build.0 = Release|Win32
		{B3414BC1-2C6A-41C4-BE33-5ABD3A0A3E9F}.Debug|Any CPU.ActiveCfg = Debug|Win32
		{B3414BC1-2C6A-41C4-BE33-5ABD3A0A3E9F}.Debug|x64.ActiveCfg = Debug|x64
		{B3414BC1-2C6A-41C4-BE33-5ABD3A0A3E9F}.Debug|x64.Build.0 = Debug|x64
		{B3414BC1-2C6A-41C4-BE33-5ABD3A0A3E9F}.Debug|x86.ActiveCfg = Debug|Win32
		{B3414BC1-2C6A-41C4-BE33-5ABD3A0A3E9F}.Debug|x86.Build.0 = Debug|Win32
		{B3414BC1-2C6A-41C4-BE33-5ABD3A0A3E9F}.Release|Any CPU.ActiveCfg = Release|Win32
		{B3414BC1-2C6A-41C4-BE33-5ABD3A0A3E9F}.Release|x64.ActiveCfg = Release|x64
		{B3414BC1-2C6A-41C4-BE33-5ABD3A0A3E9F}.Release|x64.Build.0 = Release|x64
		{B3414BC1-2C6A-41C4-BE33-5ABD3A0A3E9F}.Release|x86.ActiveCfg = Release|Win32
		{B3414BC1-2C6A-41C4-BE33-5ABD3A0A3E9F}.Release|x86.Build.0 = Release|Win32
		{B2D86F5E-D5A3-4319-A36E-38EA515B785C}.Debug|Any CPU.ActiveCfg = Debug|Win32
		{B2D86F5E-D5A3-4319-A36E-38EA515B785C}.Debug|x64.ActiveCfg = Debug|x64
		{B2D86F5E-D5A3-4319-A36E-38EA515B785C}.Debug|x64.Build.0 = Debug|x64
		{B2D86F5E-D5A3-4319-A36E-38EA515B785C}.Debug|x86.ActiveCfg = Debug|Win32
		{B2D86F5E-D5A3-4319-A36E-38EA515B785C}.Debug|x86.Build.0 = Debug|Win32
		{B2D86F5E-D5A3-4319-A36E-38EA515B785C}.Release|Any CPU.ActiveCfg = Release|Win32
		{B2D86F5E-D5A3-4319-A36E-38EA515B785C}.Release|x64.ActiveCfg = Release|x64
		{B2D86F5E-D5A3-4319-A36E-38EA515B785C}.Release|x64.Build.0 = Release|x64
		{B2D86F5E-D5A3-4319-A36E-38EA515B785C}.Release|x86.ActiveCfg = Release|Win32
		{B2D86F5E-D5A3-4319-A36E-38EA515B785C}.Release|x86.Build.0 = Release|Win32
		{2458716A-98B6-4528-8B7F-94633E92F408}.Debug|Any CPU.ActiveCfg = Debug|Any CPU
		{2458716A-98B6-4528-8B7F-94633E92F408}.Debug|x64.ActiveCfg = Debug|Any CPU
		{2458716A-98B6-4528-8B7F-94633E92F408}.Debug|x86.ActiveCfg = Debug|Any CPU
		{2458716A-98B6-4528-8B7F-94633E92F408}.Release|Any CPU.ActiveCfg = Release|Any CPU
		{2458716A-98B6-4528-8B7F-94633E92F408}.Release|x64.ActiveCfg = Release|Any CPU
		{2458716A-98B6-4528-8B7F-94633E92F408}.Release|x86.ActiveCfg = Release|Any CPU
		{86C214FA-A229-4F5D-B135-66095AD528F7}.Debug|Any CPU.ActiveCfg = Debug|Win32
		{86C214FA-A229-4F5D-B135-66095AD528F7}.Debug|x64.ActiveCfg = Debug|x64
		{86C214FA-A229-4F5D-B135-66095AD528F7}.Debug|x64.Build.0 = Debug|x64
		{86C214FA-A229-4F5D-B135-66095AD528F7}.Debug|x86.ActiveCfg = Debug|Win32
		{86C214FA-A229-4F5D-B135-66095AD528F7}.Debug|x86.Build.0 = Debug|Win32
		{86C214FA-A229-4F5D-B135-66095AD528F7}.Release|Any CPU.ActiveCfg = Release|Win32
		{86C214FA-A229-4F5D-B135-66095AD528F7}.Release|x64.ActiveCfg = Release|x64
		{86C214FA-A229-4F5D-B135-66095AD528F7}.Release|x64.Build.0 = Release|x64
		{86C214FA-A229-4F5D-B135-66095AD528F7}.Release|x86.ActiveCfg = Release|Win32
		{86C214FA-A229-4F5D-B135-66095AD528F7}.Release|x86.Build.0 = Release|Win32
		{4F11666F-E35D-4942-BF0D-72E43B099192}.Debug|Any CPU.ActiveCfg = Debug|Any CPU
		{4F11666F-E35D-4942-BF0D-72E43B099192}.Debug|x64.ActiveCfg = Debug|Any CPU
		{4F11666F-E35D-4942-BF0D-72E43B099192}.Debug|x86.ActiveCfg = Debug|Any CPU
		{4F11666F-E35D-4942-BF0D-72E43B099192}.Release|Any CPU.ActiveCfg = Release|Any CPU
		{4F11666F-E35D-4942-BF0D-72E43B099192}.Release|x64.ActiveCfg = Release|Any CPU
		{4F11666F-E35D-4942-BF0D-72E43B099192}.Release|x86.ActiveCfg = Release|Any CPU
		{F72DC484-D84F-4AB7-86B4-EC5C2A62A356}.Debug|Any CPU.ActiveCfg = Debug|Win32
		{F72DC484-D84F-4AB7-86B4-EC5C2A62A356}.Debug|x64.ActiveCfg = Debug|x64
		{F72DC484-D84F-4AB7-86B4-EC5C2A62A356}.Debug|x64.Build.0 = Debug|x64
		{F72DC484-D84F-4AB7-86B4-EC5C2A62A356}.Debug|x86.ActiveCfg = Debug|Win32
		{F72DC484-D84F-4AB7-86B4-EC5C2A62A356}.Debug|x86.Build.0 = Debug|Win32
		{F72DC484-D84F-4AB7-86B4-EC5C2A62A356}.Release|Any CPU.ActiveCfg = Release|Win32
		{F72DC484-D84F-4AB7-86B4-EC5C2A62A356}.Release|x64.ActiveCfg = Release|x64
		{F72DC484-D84F-4AB7-86B4-EC5C2A62A356}.Release|x64.Build.0 = Release|x64
		{F72DC484-D84F-4AB7-86B4-EC5C2A62A356}.Release|x86.ActiveCfg = Release|Win32
		{F72DC484-D84F-4AB7-86B4-EC5C2A62A356}.Release|x86.Build.0 = Release|Win32
		{4FD7197A-93CE-4452-BD87-F947DAD70E31}.Debug|Any CPU.ActiveCfg = Debug|Any CPU
		{4FD7197A-93CE-4452-BD87-F947DAD70E31}.Debug|x64.ActiveCfg = Debug|Any CPU
		{4FD7197A-93CE-4452-BD87-F947DAD70E31}.Debug|x86.ActiveCfg = Debug|Any CPU
		{4FD7197A-93CE-4452-BD87-F947DAD70E31}.Release|Any CPU.ActiveCfg = Release|Any CPU
		{4FD7197A-93CE-4452-BD87-F947DAD70E31}.Release|x64.ActiveCfg = Release|Any CPU
		{4FD7197A-93CE-4452-BD87-F947DAD70E31}.Release|x86.ActiveCfg = Release|Any CPU
		{DDFF7B3C-55EF-4FE2-A84B-8C777835B73D}.Debug|Any CPU.ActiveCfg = Debug|Win32
		{DDFF7B3C-55EF-4FE2-A84B-8C777835B73D}.Debug|x64.ActiveCfg = Debug|x64
		{DDFF7B3C-55EF-4FE2-A84B-8C777835B73D}.Debug|x64.Build.0 = Debug|x64
		{DDFF7B3C-55EF-4FE2-A84B-8C777835B73D}.Debug|x86.ActiveCfg = Debug|Win32
		{DDFF7B3C-55EF-4FE2-A84B-8C777835B73D}.Debug|x86.Build.0 = Debug|Win32
		{DDFF7B3C-55EF-4FE2-A84B-8C777835B73D}.Release|Any CPU.ActiveCfg = Release|Win32
		{DDFF7B3C-55EF-4FE2-A84B-8C777835B73D}.Release|x64.ActiveCfg = Release|x64
		{DDFF7B3C-55EF-4FE2-A84B-8C777835B73D}.Release|x64.Build.0 = Release|x64
		{DDFF7B3C-55EF-4FE2-A84B-8C777835B73D}.Release|x86.ActiveCfg = Release|Win32
		{DDFF7B3C-55EF-4FE2-A84B-8C777835B73D}.Release|x86.Build.0 = Release|Win32
		{70E411D3-2D97-42D7-8859-9BBD9EC00432}.Debug|Any CPU.ActiveCfg = Debug|Win32
		{70E411D3-2D97-42D7-8859-9BBD9EC00432}.Debug|x64.ActiveCfg = Debug|x64
		{70E411D3-2D97-42D7-8859-9BBD9EC00432}.Debug|x64.Build.0 = Debug|x64
		{70E411D3-2D97-42D7-8859-9BBD9EC00432}.Debug|x86.ActiveCfg = Debug|Win32
		{70E411D3-2D97-42D7-8859-9BBD9EC00432}.Debug|x86.Build.0 = Debug|Win32
		{70E411D3-2D97-42D7-8859-9BBD9EC00432}.Release|Any CPU.ActiveCfg = Release|Win32
		{70E411D3-2D97-42D7-8859-9BBD9EC00432}.Release|x64.ActiveCfg = Release|x64
		{70E411D3-2D97-42D7-8859-9BBD9EC00432}.Release|x64.Build.0 = Release|x64
		{70E411D3-2D97-42D7-8859-9BBD9EC00432}.Release|x86.ActiveCfg = Release|Win32
		{70E411D3-2D97-42D7-8859-9BBD9EC00432}.Release|x86.Build.0 = Release|Win32
		{C776E992-D781-4925-AB75-83EC27E908FF}.Debug|Any CPU.ActiveCfg = Debug|Win32
		{C776E992-D781-4925-AB75-83EC27E908FF}.Debug|x64.ActiveCfg = Debug|x64
		{C776E992-D781-4925-AB75-83EC27E908FF}.Debug|x64.Build.0 = Debug|x64
		{C776E992-D781-4925-AB75-83EC27E908FF}.Debug|x86.ActiveCfg = Debug|Win32
		{C776E992-D781-4925-AB75-83EC27E908FF}.Debug|x86.Build.0 = Debug|Win32
		{C776E992-D781-4925-AB75-83EC27E908FF}.Release|Any CPU.ActiveCfg = Release|Win32
		{C776E992-D781-4925-AB75-83EC27E908FF}.Release|x64.ActiveCfg = Release|x64
		{C776E992-D781-4925-AB75-83EC27E908FF}.Release|x64.Build.0 = Release|x64
		{C776E992-D781-4925-AB75-83EC27E908FF}.Release|x86.ActiveCfg = Release|Win32
		{C776E992-D781-4925-AB75-83EC27E908FF}.Release|x86.Build.0 = Release|Win32
		{FE58DC05-2A51-4FBC-BCC5-23C87010E1F0}.Debug|Any CPU.ActiveCfg = Debug|Win32
		{FE58DC05-2A51-4FBC-BCC5-23C87010E1F0}.Debug|x64.ActiveCfg = Debug|x64
		{FE58DC05-2A51-4FBC-BCC5-23C87010E1F0}.Debug|x64.Build.0 = Debug|x64
		{FE58DC05-2A51-4FBC-BCC5-23C87010E1F0}.Debug|x86.ActiveCfg = Debug|Win32
		{FE58DC05-2A51-4FBC-BCC5-23C87010E1F0}.Debug|x86.Build.0 = Debug|Win32
		{FE58DC05-2A51-4FBC-BCC5-23C87010E1F0}.Release|Any CPU.ActiveCfg = Release|Win32
		{FE58DC05-2A51-4FBC-BCC5-23C87010E1F0}.Release|x64.ActiveCfg = Release|x64
		{FE58DC05-2A51-4FBC-BCC5-23C87010E1F0}.Release|x64.Build.0 = Release|x64
		{FE58DC05-2A51-4FBC-BCC5-23C87010E1F0}.Release|x86.ActiveCfg = Release|Win32
		{FE58DC05-2A51-4FBC-BCC5-23C87010E1F0}.Release|x86.Build.0 = Release|Win32
		{AF9D522F-A081-486D-B5CC-D0FCC7FC91C9}.Debug|Any CPU.ActiveCfg = Debug|Win32
		{AF9D522F-A081-486D-B5CC-D0FCC7FC91C9}.Debug|x64.ActiveCfg = Debug|x64
		{AF9D522F-A081-486D-B5CC-D0FCC7FC91C9}.Debug|x64.Build.0 = Debug|x64
		{AF9D522F-A081-486D-B5CC-D0FCC7FC91C9}.Debug|x86.ActiveCfg = Debug|Win32
		{AF9D522F-A081-486D-B5CC-D0FCC7FC91C9}.Debug|x86.Build.0 = Debug|Win32
		{AF9D522F-A081-486D-B5CC-D0FCC7FC91C9}.Release|Any CPU.ActiveCfg = Release|Win32
		{AF9D522F-A081-486D-B5CC-D0FCC7FC91C9}.Release|x64.ActiveCfg = Release|x64
		{AF9D522F-A081-486D-B5CC-D0FCC7FC91C9}.Release|x64.Build.0 = Release|x64
		{AF9D522F-A081-486D-B5CC-D0FCC7FC91C9}.Release|x86.ActiveCfg = Release|Win32
		{AF9D522F-A081-486D-B5CC-D0FCC7FC91C9}.Release|x86.Build.0 = Release|Win32
		{04887A21-DB11-4DFE-A7C4-DF36894CADC8}.Debug|Any CPU.ActiveCfg = Debug|Win32
		{04887A21-DB11-4DFE-A7C4-DF36894CADC8}.Debug|x64.ActiveCfg = Debug|x64
		{04887A21-DB11-4DFE-A7C4-DF36894CADC8}.Debug|x64.Build.0 = Debug|x64
		{04887A21-DB11-4DFE-A7C4-DF36894CADC8}.Debug|x86.ActiveCfg = Debug|Win32
		{04887A21-DB11-4DFE-A7C4-DF36894CADC8}.Debug|x86.Build.0 = Debug|Win32
		{04887A21-DB11-4DFE-A7C4-DF36894CADC8}.Release|Any CPU.ActiveCfg = Release|Win32
		{04887A21-DB11-4DFE-A7C4-DF36894CADC8}.Release|x64.ActiveCfg = Release|x64
		{04887A21-DB11-4DFE-A7C4-DF36894CADC8}.Release|x64.Build.0 = Release|x64
		{04887A21-DB11-4DFE-A7C4-DF36894CADC8}.Release|x86.ActiveCfg = Release|Win32
		{04887A21-DB11-4DFE-A7C4-DF36894CADC8}.Release|x86.Build.0 = Release|Win32
		{63BB2497-C8A4-43DA-B45A-6C419595FC6E}.Debug|Any CPU.ActiveCfg = Debug|Win32
		{63BB2497-C8A4-43DA-B45A-6C419595FC6E}.Debug|x64.ActiveCfg = Debug|x64
		{63BB2497-C8A4-43DA-B45A-6C419595FC6E}.Debug|x64.Build.0 = Debug|x64
		{63BB2497-C8A4-43DA-B45A-6C419595FC6E}.Debug|x86.ActiveCfg = Debug|Win32
		{63BB2497-C8A4-43DA-B45A-6C419595FC6E}.Debug|x86.Build.0 = Debug|Win32
		{63BB2497-C8A4-43DA-B45A-6C419595FC6E}.Release|Any CPU.ActiveCfg = Release|Win32
		{63BB2497-C8A4-43DA-B45A-6C419595FC6E}.Release|x64.ActiveCfg = Release|x64
		{63BB2497-C8A4-43DA-B45A-6C419595FC6E}.Release|x64.Build.0 = Release|x64
		{63BB2497-C8A4-43DA-B45A-6C419595FC6E}.Release|x86.ActiveCfg = Release|Win32
		{63BB2497-C8A4-43DA-B45A-6C419595FC6E}.Release|x86.Build.0 = Release|Win32
		{C58628FA-A71F-4741-9DCA-5BF2FCAD1ACE}.Debug|Any CPU.ActiveCfg = Debug|Win32
		{C58628FA-A71F-4741-9DCA-5BF2FCAD1ACE}.Debug|x64.ActiveCfg = Debug|x64
		{C58628FA-A71F-4741-9DCA-5BF2FCAD1ACE}.Debug|x64.Build.0 = Debug|x64
		{C58628FA-A71F-4741-9DCA-5BF2FCAD1ACE}.Debug|x86.ActiveCfg = Debug|Win32
		{C58628FA-A71F-4741-9DCA-5BF2FCAD1ACE}.Debug|x86.Build.0 = Debug|Win32
		{C58628FA-A71F-4741-9DCA-5BF2FCAD1ACE}.Release|Any CPU.ActiveCfg = Release|Win32
		{C58628FA-A71F-4741-9DCA-5BF2FCAD1ACE}.Release|x64.ActiveCfg = Release|x64
		{C58628FA-A71F-4741-9DCA-5BF2FCAD1ACE}.Release|x64.Build.0 = Release|x64
		{C58628FA-A71F-4741-9DCA-5BF2FCAD1ACE}.Release|x86.ActiveCfg = Release|Win32
		{C58628FA-A71F-4741-9DCA-5BF2FCAD1ACE}.Release|x86.Build.0 = Release|Win32
		{499FC56A-D702-41FD-8C39-3CF5E52CEABE}.Debug|Any CPU.ActiveCfg = Debug|Win32
		{499FC56A-D702-41FD-8C39-3CF5E52CEABE}.Debug|x64.ActiveCfg = Debug|x64
		{499FC56A-D702-41FD-8C39-3CF5E52CEABE}.Debug|x64.Build.0 = Debug|x64
		{499FC56A-D702-41FD-8C39-3CF5E52CEABE}.Debug|x86.ActiveCfg = Debug|Win32
		{499FC56A-D702-41FD-8C39-3CF5E52CEABE}.Debug|x86.Build.0 = Debug|Win32
		{499FC56A-D702-41FD-8C39-3CF5E52CEABE}.Release|Any CPU.ActiveCfg = Release|Win32
		{499FC56A-D702-41FD-8C39-3CF5E52CEABE}.Release|x64.ActiveCfg = Release|x64
		{499FC56A-D702-41FD-8C39-3CF5E52CEABE}.Release|x64.Build.0 = Release|x64
		{499FC56A-D702-41FD-8C39-3CF5E52CEABE}.Release|x86.ActiveCfg = Release|Win32
		{499FC56A-D702-41FD-8C39-3CF5E52CEABE}.Release|x86.Build.0 = Release|Win32
		{3DAFFEFB-ACCE-4371-A71A-6EC6CF00501A}.Debug|Any CPU.ActiveCfg = Debug|Win32
		{3DAFFEFB-ACCE-4371-A71A-6EC6CF00501A}.Debug|x64.ActiveCfg = Debug|x64
		{3DAFFEFB-ACCE-4371-A71A-6EC6CF00501A}.Debug|x64.Build.0 = Debug|x64
		{3DAFFEFB-ACCE-4371-A71A-6EC6CF00501A}.Debug|x86.ActiveCfg = Debug|Win32
		{3DAFFEFB-ACCE-4371-A71A-6EC6CF00501A}.Debug|x86.Build.0 = Debug|Win32
		{3DAFFEFB-ACCE-4371-A71A-6EC6CF00501A}.Release|Any CPU.ActiveCfg = Release|Win32
		{3DAFFEFB-ACCE-4371-A71A-6EC6CF00501A}.Release|x64.ActiveCfg = Release|x64
		{3DAFFEFB-ACCE-4371-A71A-6EC6CF00501A}.Release|x64.Build.0 = Release|x64
		{3DAFFEFB-ACCE-4371-A71A-6EC6CF00501A}.Release|x86.ActiveCfg = Release|Win32
		{3DAFFEFB-ACCE-4371-A71A-6EC6CF00501A}.Release|x86.Build.0 = Release|Win32
		{81CD4EF9-80BC-443E-8F47-0657623682B7}.Debug|Any CPU.ActiveCfg = Debug|Win32
		{81CD4EF9-80BC-443E-8F47-0657623682B7}.Debug|x64.ActiveCfg = Debug|x64
		{81CD4EF9-80BC-443E-8F47-0657623682B7}.Debug|x64.Build.0 = Debug|x64
		{81CD4EF9-80BC-443E-8F47-0657623682B7}.Debug|x86.ActiveCfg = Debug|Win32
		{81CD4EF9-80BC-443E-8F47-0657623682B7}.Debug|x86.Build.0 = Debug|Win32
		{81CD4EF9-80BC-443E-8F47-0657623682B7}.Release|Any CPU.ActiveCfg = Release|Win32
		{81CD4EF9-80BC-443E-8F47-0657623682B7}.Release|x64.ActiveCfg = Release|x64
		{81CD4EF9-80BC-443E-8F47-0657623682B7}.Release|x64.Build.0 = Release|x64
		{81CD4EF9-80BC-443E-8F47-0657623682B7}.Release|x86.ActiveCfg = Release|Win32
		{81CD4EF9-80BC-443E-8F47-0657623682B7}.Release|x86.Build.0 = Release|Win32
		{653379A1-758B-4891-A003-D2975E9B1D71}.Debug|Any CPU.ActiveCfg = Debug|Win32
		{653379A1-758B-4891-A003-D2975E9B1D71}.Debug|x64.ActiveCfg = Debug|x64
		{653379A1-758B-4891-A003-D2975E9B1D71}.Debug|x64.Build.0 = Debug|x64
		{653379A1-758B-4891-A003-D2975E9B1D71}.Debug|x86.ActiveCfg = Debug|Win32
		{653379A1-758B-4891-A003-D2975E9B1D71}.Debug|x86.Build.0 = Debug|Win32
		{653379A1-758B-4891-A003-D2975E9B1D71}.Release|Any CPU.ActiveCfg = Release|Win32
		{653379A1-758B-4891-A003-D2975E9B1D71}.Release|x64.ActiveCfg = Release|x64
		{653379A1-758B-4891-A003-D2975E9B1D71}.Release|x64.Build.0 = Release|x64
		{653379A1-758B-4891-A003-D2975E9B1D71}.Release|x86.ActiveCfg = Release|Win32
		{653379A1-758B-4891-A003-D2975E9B1D71}.Release|x86.Build.0 = Release|Win32
	EndGlobalSection
	GlobalSection(SolutionProperties) = preSolution
		HideSolutionNode = FALSE
	EndGlobalSection
	GlobalSection(ExtensibilityGlobals) = postSolution
		SolutionGuid = {FF1C3FA2-1D79-4544-8397-CCBCE53A4034}
	EndGlobalSection
EndGlobal
