
Microsoft Visual Studio Solution File, Format Version 12.00
# Visual Studio Version 16
VisualStudioVersion = 16.0.30320.27
MinimumVisualStudioVersion = 10.0.40219.1
Project("{8BC9CEB8-8B4A-11D0-8D11-00A0C91BC942}") = "No.9", "No.9\No.9.vcxproj", "{93F7FF25-092D-45AF-AD59-B978584AEBE5}"
EndProject
Project("{8BC9CEB8-8B4A-11D0-8D11-00A0C91BC942}") = "No.1", "No.1(TopCoder)\No.1.vcxproj", "{D5B76FFA-FF4A-42F9-AEE7-857026865BF1}"
EndProject
Project("{8BC9CEB8-8B4A-11D0-8D11-00A0C91BC942}") = "No.2", "No.2(TopCoder)\No.2.vcxproj", "{D88A8236-5D93-4C74-A334-EB102F1BBE7D}"
EndProject
Project("{8BC9CEB8-8B4A-11D0-8D11-00A0C91BC942}") = "No.3", "No.3(TopCoder)\No.3.vcxproj", "{A01AB17C-434B-463E-B71C-6A0863A41AB2}"
EndProject
Project("{8BC9CEB8-8B4A-11D0-8D11-00A0C91BC942}") = "No.4", "No.4(TopCoder)\No.4.vcxproj", "{79CC5D54-CFA1-4FE5-86A2-52D8EFFC7B2D}"
EndProject
Project("{8BC9CEB8-8B4A-11D0-8D11-00A0C91BC942}") = "No.5", "No.5(TopCoder)\No.5.vcxproj", "{06E9D82E-8627-4EC7-A33F-56DF12AE415B}"
EndProject
Project("{8BC9CEB8-8B4A-11D0-8D11-00A0C91BC942}") = "No.6", "No.6(TopCoder)\No.6.vcxproj", "{99147B09-D17C-4D24-A9FF-78BB023632AE}"
EndProject
Project("{8BC9CEB8-8B4A-11D0-8D11-00A0C91BC942}") = "No.7", "No.7(TopCoder)\No.7.vcxproj", "{44F7B4EC-DB46-4C17-9C8B-E3FE6BB4B52E}"
EndProject
Project("{8BC9CEB8-8B4A-11D0-8D11-00A0C91BC942}") = "No.8", "No.8(TopCoder)\No.8.vcxproj", "{123EEC62-8213-417E-85D9-C7869D64CCCD}"
EndProject
Project("{8BC9CEB8-8B4A-11D0-8D11-00A0C91BC942}") = "No.10", "No.10\No.10.vcxproj", "{014E36BF-590E-4F87-AEFE-8498EB34BBA9}"
EndProject
Project("{8BC9CEB8-8B4A-11D0-8D11-00A0C91BC942}") = "No.11", "No.11\No.11.vcxproj", "{F9CF60F4-E705-4CF6-A6AF-BADE70CF4955}"
EndProject
Project("{8BC9CEB8-8B4A-11D0-8D11-00A0C91BC942}") = "No.12", "No.12\No.12.vcxproj", "{6BFA9D49-593D-4C98-A9EB-6FDBB9F81E1C}"
EndProject
Project("{8BC9CEB8-8B4A-11D0-8D11-00A0C91BC942}") = "No.14", "No.14\No.14.vcxproj", "{BFFA1188-5478-402B-B2DF-4281F2F690E4}"
EndProject
Project("{8BC9CEB8-8B4A-11D0-8D11-00A0C91BC942}") = "No.15", "No.15\No.15.vcxproj", "{B3414BC1-2C6A-41C4-BE33-5ABD3A0A3E9F}"
EndProject
Project("{8BC9CEB8-8B4A-11D0-8D11-00A0C91BC942}") = "No.16", "No.16\No.16.vcxproj", "{B2D86F5E-D5A3-4319-A36E-38EA515B785C}"
EndProject
Project("{888888A0-9F3D-457C-B088-3A5042F75D52}") = "No.17", "No.17\No.17.pyproj", "{2458716A-98B6-4528-8B7F-94633E92F408}"
EndProject
Project("{8BC9CEB8-8B4A-11D0-8D11-00A0C91BC942}") = "No.13", "No.13\No.13.vcxproj", "{86C214FA-A229-4F5D-B135-66095AD528F7}"
EndProject
Project("{888888A0-9F3D-457C-B088-3A5042F75D52}") = "No.18", "No.18\No.18.pyproj", "{4F11666F-E35D-4942-BF0D-72E43B099192}"
EndProject
Project("{8BC9CEB8-8B4A-11D0-8D11-00A0C91BC942}") = "No.19", "No.19\No.19.vcxproj", "{F72DC484-D84F-4AB7-86B4-EC5C2A62A356}"
EndProject
Project("{888888A0-9F3D-457C-B088-3A5042F75D52}") = "No.20", "No.20\No.20.pyproj", "{4FD7197A-93CE-4452-BD87-F947DAD70E31}"
EndProject
Project("{8BC9CEB8-8B4A-11D0-8D11-00A0C91BC942}") = "No.21", "No.21\No.21.vcxproj", "{DDFF7B3C-55EF-4FE2-A84B-8C777835B73D}"
EndProject
Project("{8BC9CEB8-8B4A-11D0-8D11-00A0C91BC942}") = "No.22", "No.22\No.22.vcxproj", "{70E411D3-2D97-42D7-8859-9BBD9EC00432}"
EndProject
Project("{8BC9CEB8-8B4A-11D0-8D11-00A0C91BC942}") = "No.23", "NO.23\NO.23.vcxproj", "{C776E992-D781-4925-AB75-83EC27E908FF}"
EndProject
Project("{8BC9CEB8-8B4A-11D0-8D11-00A0C91BC942}") = "No.24", "No.24\No.24.vcxproj", "{FE58DC05-2A51-4FBC-BCC5-23C87010E1F0}"
EndProject
Project("{8BC9CEB8-8B4A-11D0-8D11-00A0C91BC942}") = "No.25", "No.25\No.25.vcxproj", "{AF9D522F-A081-486D-B5CC-D0FCC7FC91C9}"
EndProject
Project("{8BC9CEB8-8B4A-11D0-8D11-00A0C91BC942}") = "No.26", "No.26\No.26.vcxproj", "{04887A21-DB11-4DFE-A7C4-DF36894CADC8}"
EndProject
Project("{8BC9CEB8-8B4A-11D0-8D11-00A0C91BC942}") = "No.27", "No.27\No.27.vcxproj", "{63BB2497-C8A4-43DA-B45A-6C419595FC6E}"
EndProject
Project("{8BC9CEB8-8B4A-11D0-8D11-00A0C91BC942}") = "No.28", "No.28\No.28.vcxproj", "{C58628FA-A71F-4741-9DCA-5BF2FCAD1ACE}"
EndProject
Project("{8BC9CEB8-8B4A-11D0-8D11-00A0C91BC942}") = "No.29", "No.29\No.29.vcxproj", "{499FC56A-D702-41FD-8C39-3CF5E52CEABE}"
EndProject
Project("{8BC9CEB8-8B4A-11D0-8D11-00A0C91BC942}") = "No.30", "No.30\No.30.vcxproj", "{3DAFFEFB-ACCE-4371-A71A-6EC6CF00501A}"
EndProject
Project("{8BC9CEB8-8B4A-11D0-8D11-00A0C91BC942}") = "No.31", "No.31\No.31.vcxproj", "{81CD4EF9-80BC-443E-8F47-0657623682B7}"
EndProject
Project("{8BC9CEB8-8B4A-11D0-8D11-00A0C91BC942}") = "No.32", "No.32\No.32.vcxproj", "{653379A1-758B-4891-A003-D2975E9B1D71}"
EndProject
Project("{8BC9CEB8-8B4A-11D0-8D11-00A0C91BC942}") = "No.33", "No.33\No.33.vcxproj", "{A197B8B1-E7C1-4351-9E18-B0F0E814520F}"
EndProject
Project("{8BC9CEB8-8B4A-11D0-8D11-00A0C91BC942}") = "No.34", "No.34\No.34.vcxproj", "{2F6232D6-A4AE-41F3-9DBD-BE9EEA117EF1}"
EndProject
Project("{8BC9CEB8-8B4A-11D0-8D11-00A0C91BC942}") = "No.35", "No.35\No.35.vcxproj", "{AF84E88B-804B-4344-A4A7-EDB401EC0E56}"
EndProject
Project("{8BC9CEB8-8B4A-11D0-8D11-00A0C91BC942}") = "No.36", "No.36\No.36.vcxproj", "{79BD5388-8297-4540-A234-B586C2D19E81}"
EndProject
Project("{8BC9CEB8-8B4A-11D0-8D11-00A0C91BC942}") = "No.37", "No.37\No.37.vcxproj", "{DCDF8783-49FD-410C-A431-FE5D5B5AB764}"
EndProject
Project("{8BC9CEB8-8B4A-11D0-8D11-00A0C91BC942}") = "No.38", "No.38\No.38.vcxproj", "{413DA840-A71F-4C0F-B5F6-B896CDB5857A}"
EndProject
Project("{8BC9CEB8-8B4A-11D0-8D11-00A0C91BC942}") = "No.39", "No.39\No.39.vcxproj", "{59740A95-FB7E-4BDB-BFC8-5502EF8BCA99}"
EndProject
Project("{8BC9CEB8-8B4A-11D0-8D11-00A0C91BC942}") = "No.40", "No.40\No.40.vcxproj", "{12F30E75-2219-445A-A509-154D5F309F1B}"
EndProject
Project("{8BC9CEB8-8B4A-11D0-8D11-00A0C91BC942}") = "No.41", "No.41\No.41.vcxproj", "{3F914056-0600-4343-A59B-D82F05C1DA22}"
EndProject
Project("{8BC9CEB8-8B4A-11D0-8D11-00A0C91BC942}") = "No.42", "No.42\No.42.vcxproj", "{0873591B-ECC1-45AA-95A3-B16FD2F8147B}"
EndProject
Project("{8BC9CEB8-8B4A-11D0-8D11-00A0C91BC942}") = "No.43", "No.43\No.43.vcxproj", "{E72F5998-C9E9-4997-8809-AF1FB841C4C9}"
EndProject
Project("{8BC9CEB8-8B4A-11D0-8D11-00A0C91BC942}") = "No.44", "No.44\No.44.vcxproj", "{22C82752-AC1C-4032-8E7C-F540F542CC0F}"
EndProject
Project("{8BC9CEB8-8B4A-11D0-8D11-00A0C91BC942}") = "No.45", "No.45\No.45.vcxproj", "{D533983A-B3C2-40B3-BDED-E4656E0B1420}"
EndProject
Project("{8BC9CEB8-8B4A-11D0-8D11-00A0C91BC942}") = "No.46", "No.46\No.46.vcxproj", "{ED0DCCA1-3045-4B5A-90DA-2497D18EB29F}"
EndProject
Project("{8BC9CEB8-8B4A-11D0-8D11-00A0C91BC942}") = "No.47", "No.47\No.47.vcxproj", "{DEDA28CC-FA73-417D-B1A7-169F4AD7EC91}"
EndProject
Project("{8BC9CEB8-8B4A-11D0-8D11-00A0C91BC942}") = "No.48", "No.48\No.48.vcxproj", "{42061D78-ECAC-46CC-BE03-B15716D61F99}"
EndProject
Project("{8BC9CEB8-8B4A-11D0-8D11-00A0C91BC942}") = "No.49", "No.49\No.49.vcxproj", "{E037FC19-506C-4C32-AC1F-FCBC1A965CA7}"
EndProject
Project("{8BC9CEB8-8B4A-11D0-8D11-00A0C91BC942}") = "No.50", "No.50\No.50.vcxproj", "{2840D2C2-1474-4666-8D07-50F0DA5C9DA1}"
EndProject
Project("{8BC9CEB8-8B4A-11D0-8D11-00A0C91BC942}") = "No.51", "No.51\No.51.vcxproj", "{A90D3E95-6A0C-45AA-BF6F-0E628C7ACDCA}"
EndProject
Project("{8BC9CEB8-8B4A-11D0-8D11-00A0C91BC942}") = "No.52", "No.52\No.52.vcxproj", "{27FBFBEE-9162-4F46-BED7-40A192FE6424}"
EndProject
Project("{8BC9CEB8-8B4A-11D0-8D11-00A0C91BC942}") = "No.53", "No.53\No.53.vcxproj", "{2450F1F1-8F81-4EB7-B0EB-C79BB2379A82}"
EndProject
Project("{8BC9CEB8-8B4A-11D0-8D11-00A0C91BC942}") = "No.54", "No.54\No.54.vcxproj", "{A8685876-C00F-46A3-A010-2C259653FFE0}"
EndProject
Project("{8BC9CEB8-8B4A-11D0-8D11-00A0C91BC942}") = "No.55", "No.55\No.55.vcxproj", "{18E77ABA-8022-455B-8893-F2570F969600}"
EndProject
Project("{8BC9CEB8-8B4A-11D0-8D11-00A0C91BC942}") = "No.56", "No.56\No.56.vcxproj", "{C5FAA535-B54D-40FE-A17A-65A37021368F}"
EndProject
Project("{8BC9CEB8-8B4A-11D0-8D11-00A0C91BC942}") = "No.58", "No.58\No.58.vcxproj", "{49A1723B-181A-4F78-9C97-DEE2C30C4126}"
EndProject
Project("{8BC9CEB8-8B4A-11D0-8D11-00A0C91BC942}") = "No.59", "No.59\No.59.vcxproj", "{E7D25B51-8075-4E9F-B071-C421BD6DEF3E}"
EndProject
Project("{8BC9CEB8-8B4A-11D0-8D11-00A0C91BC942}") = "No.57", "No.57\No.57.vcxproj", "{0E37132C-C8E8-43FA-800D-B2C7F0284587}"
EndProject
Project("{8BC9CEB8-8B4A-11D0-8D11-00A0C91BC942}") = "No.60", "No.60\No.60.vcxproj", "{686780D6-1BC8-4314-8B56-8DDD4108C7A7}"
EndProject
Project("{8BC9CEB8-8B4A-11D0-8D11-00A0C91BC942}") = "No.61", "No.61\No.61.vcxproj", "{290E8541-5E99-432F-8775-F2630FCE5411}"
EndProject
Project("{8BC9CEB8-8B4A-11D0-8D11-00A0C91BC942}") = "No.62", "No.62\No.62.vcxproj", "{43BD936E-C146-4E27-9D9F-8A40AB483807}"
EndProject
Project("{8BC9CEB8-8B4A-11D0-8D11-00A0C91BC942}") = "No.63", "No.63\No.63.vcxproj", "{CC183699-D613-421F-8AA8-B180955BBFEA}"
EndProject
Project("{8BC9CEB8-8B4A-11D0-8D11-00A0C91BC942}") = "No.64", "No.64\No.64.vcxproj", "{9442E867-E554-4688-A01C-3A7BF5FDB0D7}"
EndProject
Project("{8BC9CEB8-8B4A-11D0-8D11-00A0C91BC942}") = "No.65", "No.65\No.65.vcxproj", "{75453756-921A-4EC7-B64C-D076BE9319FC}"
EndProject
Project("{8BC9CEB8-8B4A-11D0-8D11-00A0C91BC942}") = "No.66", "No.66\No.66.vcxproj", "{0FB53BDC-7E5B-4988-8264-1352288DD881}"
EndProject
Project("{8BC9CEB8-8B4A-11D0-8D11-00A0C91BC942}") = "No.67", "No.67\No.67.vcxproj", "{86559A0F-DB81-4F8C-9B6E-AA4488E15951}"
EndProject
Project("{8BC9CEB8-8B4A-11D0-8D11-00A0C91BC942}") = "No.68", "No.68\No.68.vcxproj", "{0C75D266-DD60-4C32-8FBB-10C60655A8AF}"
EndProject
Project("{8BC9CEB8-8B4A-11D0-8D11-00A0C91BC942}") = "No.69", "No.69\No.69.vcxproj", "{0BB001AA-E429-4E75-833D-46DD84DC9F66}"
EndProject
Project("{8BC9CEB8-8B4A-11D0-8D11-00A0C91BC942}") = "No.70", "No.70\No.70.vcxproj", "{1A8A6823-48AB-498F-A5D7-3DD8585F81C8}"
EndProject
Project("{8BC9CEB8-8B4A-11D0-8D11-00A0C91BC942}") = "No.71", "No.71\No.71.vcxproj", "{487A2E55-9D69-478E-96F7-CFE313FE74FD}"
EndProject
Project("{8BC9CEB8-8B4A-11D0-8D11-00A0C91BC942}") = "No.72", "NO.72\NO.72.vcxproj", "{75D28EB4-8592-4DAF-A4E5-449B9AC765BC}"
EndProject
Project("{8BC9CEB8-8B4A-11D0-8D11-00A0C91BC942}") = "No.73", "No.73\No.73.vcxproj", "{0424F529-122F-4E9F-AABD-0D0C9320A5CA}"
EndProject
Project("{8BC9CEB8-8B4A-11D0-8D11-00A0C91BC942}") = "No.74", "No.74\No.74.vcxproj", "{6142412B-9376-466B-963A-09F0ED05FB15}"
EndProject
Project("{8BC9CEB8-8B4A-11D0-8D11-00A0C91BC942}") = "No.75", "No.75\No.75.vcxproj", "{AE32E363-E1B7-41DC-9BFE-87B2F1719267}"
EndProject
Project("{8BC9CEB8-8B4A-11D0-8D11-00A0C91BC942}") = "No.76", "No.76\No.76.vcxproj", "{FEEDB132-2498-4159-8E58-34824DF0211F}"
EndProject
Project("{8BC9CEB8-8B4A-11D0-8D11-00A0C91BC942}") = "No.77", "No.77\No.77.vcxproj", "{FD9EEB7E-6F4A-493F-B50B-43347A5AE720}"
EndProject
Project("{8BC9CEB8-8B4A-11D0-8D11-00A0C91BC942}") = "No.78", "No.78\No.78.vcxproj", "{7C5117BD-335A-4DEB-9919-C0ECD7E85330}"
EndProject
Project("{8BC9CEB8-8B4A-11D0-8D11-00A0C91BC942}") = "No.79", "No.79\No.79.vcxproj", "{F7B90290-9060-4275-9C58-11C7AB3E7832}"
EndProject
Project("{8BC9CEB8-8B4A-11D0-8D11-00A0C91BC942}") = "No.80", "No.80\No.80.vcxproj", "{BFFD7FEB-C7D4-4D20-895D-3610DE86BE7E}"
EndProject
Project("{8BC9CEB8-8B4A-11D0-8D11-00A0C91BC942}") = "No.81", "No.81\No.81.vcxproj", "{DA5423D2-146A-49C8-95A0-965F4D651F22}"
EndProject
Project("{8BC9CEB8-8B4A-11D0-8D11-00A0C91BC942}") = "No.82", "No.82\No.82.vcxproj", "{873C8F6F-ECE8-4328-B363-1B0C3C851976}"
EndProject
Project("{8BC9CEB8-8B4A-11D0-8D11-00A0C91BC942}") = "No.83", "No.83\No.83.vcxproj", "{3B9025CC-62DF-476C-BB4E-E6D534B2C66B}"
EndProject
Project("{8BC9CEB8-8B4A-11D0-8D11-00A0C91BC942}") = "No.84", "No.84\No.84.vcxproj", "{43698FCA-16B7-4934-8AD8-059B94F38841}"
EndProject
Project("{8BC9CEB8-8B4A-11D0-8D11-00A0C91BC942}") = "No.85", "No.85\No.85.vcxproj", "{598EB030-E2B0-4C1A-AE57-1C847D96E14D}"
EndProject
Project("{8BC9CEB8-8B4A-11D0-8D11-00A0C91BC942}") = "No.86", "No.86\No.86.vcxproj", "{E15452F2-15A5-4CD0-8589-F47038C8DFB0}"
EndProject
Global
	GlobalSection(SolutionConfigurationPlatforms) = preSolution
		Debug|Any CPU = Debug|Any CPU
		Debug|x64 = Debug|x64
		Debug|x86 = Debug|x86
		Release|Any CPU = Release|Any CPU
		Release|x64 = Release|x64
		Release|x86 = Release|x86
	EndGlobalSection
	GlobalSection(ProjectConfigurationPlatforms) = postSolution
		{93F7FF25-092D-45AF-AD59-B978584AEBE5}.Debug|Any CPU.ActiveCfg = Debug|Win32
		{93F7FF25-092D-45AF-AD59-B978584AEBE5}.Debug|x64.ActiveCfg = Debug|x64
		{93F7FF25-092D-45AF-AD59-B978584AEBE5}.Debug|x64.Build.0 = Debug|x64
		{93F7FF25-092D-45AF-AD59-B978584AEBE5}.Debug|x86.ActiveCfg = Debug|Win32
		{93F7FF25-092D-45AF-AD59-B978584AEBE5}.Debug|x86.Build.0 = Debug|Win32
		{93F7FF25-092D-45AF-AD59-B978584AEBE5}.Release|Any CPU.ActiveCfg = Release|Win32
		{93F7FF25-092D-45AF-AD59-B978584AEBE5}.Release|x64.ActiveCfg = Release|x64
		{93F7FF25-092D-45AF-AD59-B978584AEBE5}.Release|x64.Build.0 = Release|x64
		{93F7FF25-092D-45AF-AD59-B978584AEBE5}.Release|x86.ActiveCfg = Release|Win32
		{93F7FF25-092D-45AF-AD59-B978584AEBE5}.Release|x86.Build.0 = Release|Win32
		{D5B76FFA-FF4A-42F9-AEE7-857026865BF1}.Debug|Any CPU.ActiveCfg = Debug|Win32
		{D5B76FFA-FF4A-42F9-AEE7-857026865BF1}.Debug|x64.ActiveCfg = Debug|x64
		{D5B76FFA-FF4A-42F9-AEE7-857026865BF1}.Debug|x64.Build.0 = Debug|x64
		{D5B76FFA-FF4A-42F9-AEE7-857026865BF1}.Debug|x86.ActiveCfg = Debug|Win32
		{D5B76FFA-FF4A-42F9-AEE7-857026865BF1}.Debug|x86.Build.0 = Debug|Win32
		{D5B76FFA-FF4A-42F9-AEE7-857026865BF1}.Release|Any CPU.ActiveCfg = Release|Win32
		{D5B76FFA-FF4A-42F9-AEE7-857026865BF1}.Release|x64.ActiveCfg = Release|x64
		{D5B76FFA-FF4A-42F9-AEE7-857026865BF1}.Release|x64.Build.0 = Release|x64
		{D5B76FFA-FF4A-42F9-AEE7-857026865BF1}.Release|x86.ActiveCfg = Release|Win32
		{D5B76FFA-FF4A-42F9-AEE7-857026865BF1}.Release|x86.Build.0 = Release|Win32
		{D88A8236-5D93-4C74-A334-EB102F1BBE7D}.Debug|Any CPU.ActiveCfg = Debug|Win32
		{D88A8236-5D93-4C74-A334-EB102F1BBE7D}.Debug|x64.ActiveCfg = Debug|x64
		{D88A8236-5D93-4C74-A334-EB102F1BBE7D}.Debug|x64.Build.0 = Debug|x64
		{D88A8236-5D93-4C74-A334-EB102F1BBE7D}.Debug|x86.ActiveCfg = Debug|Win32
		{D88A8236-5D93-4C74-A334-EB102F1BBE7D}.Debug|x86.Build.0 = Debug|Win32
		{D88A8236-5D93-4C74-A334-EB102F1BBE7D}.Release|Any CPU.ActiveCfg = Release|Win32
		{D88A8236-5D93-4C74-A334-EB102F1BBE7D}.Release|x64.ActiveCfg = Release|x64
		{D88A8236-5D93-4C74-A334-EB102F1BBE7D}.Release|x64.Build.0 = Release|x64
		{D88A8236-5D93-4C74-A334-EB102F1BBE7D}.Release|x86.ActiveCfg = Release|Win32
		{D88A8236-5D93-4C74-A334-EB102F1BBE7D}.Release|x86.Build.0 = Release|Win32
		{A01AB17C-434B-463E-B71C-6A0863A41AB2}.Debug|Any CPU.ActiveCfg = Debug|Win32
		{A01AB17C-434B-463E-B71C-6A0863A41AB2}.Debug|x64.ActiveCfg = Debug|x64
		{A01AB17C-434B-463E-B71C-6A0863A41AB2}.Debug|x64.Build.0 = Debug|x64
		{A01AB17C-434B-463E-B71C-6A0863A41AB2}.Debug|x86.ActiveCfg = Debug|Win32
		{A01AB17C-434B-463E-B71C-6A0863A41AB2}.Debug|x86.Build.0 = Debug|Win32
		{A01AB17C-434B-463E-B71C-6A0863A41AB2}.Release|Any CPU.ActiveCfg = Release|Win32
		{A01AB17C-434B-463E-B71C-6A0863A41AB2}.Release|x64.ActiveCfg = Release|x64
		{A01AB17C-434B-463E-B71C-6A0863A41AB2}.Release|x64.Build.0 = Release|x64
		{A01AB17C-434B-463E-B71C-6A0863A41AB2}.Release|x86.ActiveCfg = Release|Win32
		{A01AB17C-434B-463E-B71C-6A0863A41AB2}.Release|x86.Build.0 = Release|Win32
		{79CC5D54-CFA1-4FE5-86A2-52D8EFFC7B2D}.Debug|Any CPU.ActiveCfg = Debug|Win32
		{79CC5D54-CFA1-4FE5-86A2-52D8EFFC7B2D}.Debug|x64.ActiveCfg = Debug|x64
		{79CC5D54-CFA1-4FE5-86A2-52D8EFFC7B2D}.Debug|x64.Build.0 = Debug|x64
		{79CC5D54-CFA1-4FE5-86A2-52D8EFFC7B2D}.Debug|x86.ActiveCfg = Debug|Win32
		{79CC5D54-CFA1-4FE5-86A2-52D8EFFC7B2D}.Debug|x86.Build.0 = Debug|Win32
		{79CC5D54-CFA1-4FE5-86A2-52D8EFFC7B2D}.Release|Any CPU.ActiveCfg = Release|Win32
		{79CC5D54-CFA1-4FE5-86A2-52D8EFFC7B2D}.Release|x64.ActiveCfg = Release|x64
		{79CC5D54-CFA1-4FE5-86A2-52D8EFFC7B2D}.Release|x64.Build.0 = Release|x64
		{79CC5D54-CFA1-4FE5-86A2-52D8EFFC7B2D}.Release|x86.ActiveCfg = Release|Win32
		{79CC5D54-CFA1-4FE5-86A2-52D8EFFC7B2D}.Release|x86.Build.0 = Release|Win32
		{06E9D82E-8627-4EC7-A33F-56DF12AE415B}.Debug|Any CPU.ActiveCfg = Debug|Win32
		{06E9D82E-8627-4EC7-A33F-56DF12AE415B}.Debug|x64.ActiveCfg = Debug|x64
		{06E9D82E-8627-4EC7-A33F-56DF12AE415B}.Debug|x64.Build.0 = Debug|x64
		{06E9D82E-8627-4EC7-A33F-56DF12AE415B}.Debug|x86.ActiveCfg = Debug|Win32
		{06E9D82E-8627-4EC7-A33F-56DF12AE415B}.Debug|x86.Build.0 = Debug|Win32
		{06E9D82E-8627-4EC7-A33F-56DF12AE415B}.Release|Any CPU.ActiveCfg = Release|Win32
		{06E9D82E-8627-4EC7-A33F-56DF12AE415B}.Release|x64.ActiveCfg = Release|x64
		{06E9D82E-8627-4EC7-A33F-56DF12AE415B}.Release|x64.Build.0 = Release|x64
		{06E9D82E-8627-4EC7-A33F-56DF12AE415B}.Release|x86.ActiveCfg = Release|Win32
		{06E9D82E-8627-4EC7-A33F-56DF12AE415B}.Release|x86.Build.0 = Release|Win32
		{99147B09-D17C-4D24-A9FF-78BB023632AE}.Debug|Any CPU.ActiveCfg = Debug|Win32
		{99147B09-D17C-4D24-A9FF-78BB023632AE}.Debug|x64.ActiveCfg = Debug|x64
		{99147B09-D17C-4D24-A9FF-78BB023632AE}.Debug|x64.Build.0 = Debug|x64
		{99147B09-D17C-4D24-A9FF-78BB023632AE}.Debug|x86.ActiveCfg = Debug|Win32
		{99147B09-D17C-4D24-A9FF-78BB023632AE}.Debug|x86.Build.0 = Debug|Win32
		{99147B09-D17C-4D24-A9FF-78BB023632AE}.Release|Any CPU.ActiveCfg = Release|Win32
		{99147B09-D17C-4D24-A9FF-78BB023632AE}.Release|x64.ActiveCfg = Release|x64
		{99147B09-D17C-4D24-A9FF-78BB023632AE}.Release|x64.Build.0 = Release|x64
		{99147B09-D17C-4D24-A9FF-78BB023632AE}.Release|x86.ActiveCfg = Release|Win32
		{99147B09-D17C-4D24-A9FF-78BB023632AE}.Release|x86.Build.0 = Release|Win32
		{44F7B4EC-DB46-4C17-9C8B-E3FE6BB4B52E}.Debug|Any CPU.ActiveCfg = Debug|Win32
		{44F7B4EC-DB46-4C17-9C8B-E3FE6BB4B52E}.Debug|x64.ActiveCfg = Debug|x64
		{44F7B4EC-DB46-4C17-9C8B-E3FE6BB4B52E}.Debug|x64.Build.0 = Debug|x64
		{44F7B4EC-DB46-4C17-9C8B-E3FE6BB4B52E}.Debug|x86.ActiveCfg = Debug|Win32
		{44F7B4EC-DB46-4C17-9C8B-E3FE6BB4B52E}.Debug|x86.Build.0 = Debug|Win32
		{44F7B4EC-DB46-4C17-9C8B-E3FE6BB4B52E}.Release|Any CPU.ActiveCfg = Release|Win32
		{44F7B4EC-DB46-4C17-9C8B-E3FE6BB4B52E}.Release|x64.ActiveCfg = Release|x64
		{44F7B4EC-DB46-4C17-9C8B-E3FE6BB4B52E}.Release|x64.Build.0 = Release|x64
		{44F7B4EC-DB46-4C17-9C8B-E3FE6BB4B52E}.Release|x86.ActiveCfg = Release|Win32
		{44F7B4EC-DB46-4C17-9C8B-E3FE6BB4B52E}.Release|x86.Build.0 = Release|Win32
		{123EEC62-8213-417E-85D9-C7869D64CCCD}.Debug|Any CPU.ActiveCfg = Debug|Win32
		{123EEC62-8213-417E-85D9-C7869D64CCCD}.Debug|x64.ActiveCfg = Debug|x64
		{123EEC62-8213-417E-85D9-C7869D64CCCD}.Debug|x64.Build.0 = Debug|x64
		{123EEC62-8213-417E-85D9-C7869D64CCCD}.Debug|x86.ActiveCfg = Debug|Win32
		{123EEC62-8213-417E-85D9-C7869D64CCCD}.Debug|x86.Build.0 = Debug|Win32
		{123EEC62-8213-417E-85D9-C7869D64CCCD}.Release|Any CPU.ActiveCfg = Release|Win32
		{123EEC62-8213-417E-85D9-C7869D64CCCD}.Release|x64.ActiveCfg = Release|x64
		{123EEC62-8213-417E-85D9-C7869D64CCCD}.Release|x64.Build.0 = Release|x64
		{123EEC62-8213-417E-85D9-C7869D64CCCD}.Release|x86.ActiveCfg = Release|Win32
		{123EEC62-8213-417E-85D9-C7869D64CCCD}.Release|x86.Build.0 = Release|Win32
		{014E36BF-590E-4F87-AEFE-8498EB34BBA9}.Debug|Any CPU.ActiveCfg = Debug|Win32
		{014E36BF-590E-4F87-AEFE-8498EB34BBA9}.Debug|x64.ActiveCfg = Debug|x64
		{014E36BF-590E-4F87-AEFE-8498EB34BBA9}.Debug|x64.Build.0 = Debug|x64
		{014E36BF-590E-4F87-AEFE-8498EB34BBA9}.Debug|x86.ActiveCfg = Debug|Win32
		{014E36BF-590E-4F87-AEFE-8498EB34BBA9}.Debug|x86.Build.0 = Debug|Win32
		{014E36BF-590E-4F87-AEFE-8498EB34BBA9}.Release|Any CPU.ActiveCfg = Release|Win32
		{014E36BF-590E-4F87-AEFE-8498EB34BBA9}.Release|x64.ActiveCfg = Release|x64
		{014E36BF-590E-4F87-AEFE-8498EB34BBA9}.Release|x64.Build.0 = Release|x64
		{014E36BF-590E-4F87-AEFE-8498EB34BBA9}.Release|x86.ActiveCfg = Release|Win32
		{014E36BF-590E-4F87-AEFE-8498EB34BBA9}.Release|x86.Build.0 = Release|Win32
		{F9CF60F4-E705-4CF6-A6AF-BADE70CF4955}.Debug|Any CPU.ActiveCfg = Debug|Win32
		{F9CF60F4-E705-4CF6-A6AF-BADE70CF4955}.Debug|x64.ActiveCfg = Debug|x64
		{F9CF60F4-E705-4CF6-A6AF-BADE70CF4955}.Debug|x64.Build.0 = Debug|x64
		{F9CF60F4-E705-4CF6-A6AF-BADE70CF4955}.Debug|x86.ActiveCfg = Debug|Win32
		{F9CF60F4-E705-4CF6-A6AF-BADE70CF4955}.Debug|x86.Build.0 = Debug|Win32
		{F9CF60F4-E705-4CF6-A6AF-BADE70CF4955}.Release|Any CPU.ActiveCfg = Release|Win32
		{F9CF60F4-E705-4CF6-A6AF-BADE70CF4955}.Release|x64.ActiveCfg = Release|x64
		{F9CF60F4-E705-4CF6-A6AF-BADE70CF4955}.Release|x64.Build.0 = Release|x64
		{F9CF60F4-E705-4CF6-A6AF-BADE70CF4955}.Release|x86.ActiveCfg = Release|Win32
		{F9CF60F4-E705-4CF6-A6AF-BADE70CF4955}.Release|x86.Build.0 = Release|Win32
		{6BFA9D49-593D-4C98-A9EB-6FDBB9F81E1C}.Debug|Any CPU.ActiveCfg = Debug|Win32
		{6BFA9D49-593D-4C98-A9EB-6FDBB9F81E1C}.Debug|x64.ActiveCfg = Debug|x64
		{6BFA9D49-593D-4C98-A9EB-6FDBB9F81E1C}.Debug|x64.Build.0 = Debug|x64
		{6BFA9D49-593D-4C98-A9EB-6FDBB9F81E1C}.Debug|x86.ActiveCfg = Debug|Win32
		{6BFA9D49-593D-4C98-A9EB-6FDBB9F81E1C}.Debug|x86.Build.0 = Debug|Win32
		{6BFA9D49-593D-4C98-A9EB-6FDBB9F81E1C}.Release|Any CPU.ActiveCfg = Release|Win32
		{6BFA9D49-593D-4C98-A9EB-6FDBB9F81E1C}.Release|x64.ActiveCfg = Release|x64
		{6BFA9D49-593D-4C98-A9EB-6FDBB9F81E1C}.Release|x64.Build.0 = Release|x64
		{6BFA9D49-593D-4C98-A9EB-6FDBB9F81E1C}.Release|x86.ActiveCfg = Release|Win32
		{6BFA9D49-593D-4C98-A9EB-6FDBB9F81E1C}.Release|x86.Build.0 = Release|Win32
		{BFFA1188-5478-402B-B2DF-4281F2F690E4}.Debug|Any CPU.ActiveCfg = Debug|Win32
		{BFFA1188-5478-402B-B2DF-4281F2F690E4}.Debug|x64.ActiveCfg = Debug|x64
		{BFFA1188-5478-402B-B2DF-4281F2F690E4}.Debug|x64.Build.0 = Debug|x64
		{BFFA1188-5478-402B-B2DF-4281F2F690E4}.Debug|x86.ActiveCfg = Debug|Win32
		{BFFA1188-5478-402B-B2DF-4281F2F690E4}.Debug|x86.Build.0 = Debug|Win32
		{BFFA1188-5478-402B-B2DF-4281F2F690E4}.Release|Any CPU.ActiveCfg = Release|Win32
		{BFFA1188-5478-402B-B2DF-4281F2F690E4}.Release|x64.ActiveCfg = Release|x64
		{BFFA1188-5478-402B-B2DF-4281F2F690E4}.Release|x64.Build.0 = Release|x64
		{BFFA1188-5478-402B-B2DF-4281F2F690E4}.Release|x86.ActiveCfg = Release|Win32
		{BFFA1188-5478-402B-B2DF-4281F2F690E4}.Release|x86.Build.0 = Release|Win32
		{B3414BC1-2C6A-41C4-BE33-5ABD3A0A3E9F}.Debug|Any CPU.ActiveCfg = Debug|Win32
		{B3414BC1-2C6A-41C4-BE33-5ABD3A0A3E9F}.Debug|x64.ActiveCfg = Debug|x64
		{B3414BC1-2C6A-41C4-BE33-5ABD3A0A3E9F}.Debug|x64.Build.0 = Debug|x64
		{B3414BC1-2C6A-41C4-BE33-5ABD3A0A3E9F}.Debug|x86.ActiveCfg = Debug|Win32
		{B3414BC1-2C6A-41C4-BE33-5ABD3A0A3E9F}.Debug|x86.Build.0 = Debug|Win32
		{B3414BC1-2C6A-41C4-BE33-5ABD3A0A3E9F}.Release|Any CPU.ActiveCfg = Release|Win32
		{B3414BC1-2C6A-41C4-BE33-5ABD3A0A3E9F}.Release|x64.ActiveCfg = Release|x64
		{B3414BC1-2C6A-41C4-BE33-5ABD3A0A3E9F}.Release|x64.Build.0 = Release|x64
		{B3414BC1-2C6A-41C4-BE33-5ABD3A0A3E9F}.Release|x86.ActiveCfg = Release|Win32
		{B3414BC1-2C6A-41C4-BE33-5ABD3A0A3E9F}.Release|x86.Build.0 = Release|Win32
		{B2D86F5E-D5A3-4319-A36E-38EA515B785C}.Debug|Any CPU.ActiveCfg = Debug|Win32
		{B2D86F5E-D5A3-4319-A36E-38EA515B785C}.Debug|x64.ActiveCfg = Debug|x64
		{B2D86F5E-D5A3-4319-A36E-38EA515B785C}.Debug|x64.Build.0 = Debug|x64
		{B2D86F5E-D5A3-4319-A36E-38EA515B785C}.Debug|x86.ActiveCfg = Debug|Win32
		{B2D86F5E-D5A3-4319-A36E-38EA515B785C}.Debug|x86.Build.0 = Debug|Win32
		{B2D86F5E-D5A3-4319-A36E-38EA515B785C}.Release|Any CPU.ActiveCfg = Release|Win32
		{B2D86F5E-D5A3-4319-A36E-38EA515B785C}.Release|x64.ActiveCfg = Release|x64
		{B2D86F5E-D5A3-4319-A36E-38EA515B785C}.Release|x64.Build.0 = Release|x64
		{B2D86F5E-D5A3-4319-A36E-38EA515B785C}.Release|x86.ActiveCfg = Release|Win32
		{B2D86F5E-D5A3-4319-A36E-38EA515B785C}.Release|x86.Build.0 = Release|Win32
		{2458716A-98B6-4528-8B7F-94633E92F408}.Debug|Any CPU.ActiveCfg = Debug|Any CPU
		{2458716A-98B6-4528-8B7F-94633E92F408}.Debug|x64.ActiveCfg = Debug|Any CPU
		{2458716A-98B6-4528-8B7F-94633E92F408}.Debug|x86.ActiveCfg = Debug|Any CPU
		{2458716A-98B6-4528-8B7F-94633E92F408}.Release|Any CPU.ActiveCfg = Release|Any CPU
		{2458716A-98B6-4528-8B7F-94633E92F408}.Release|x64.ActiveCfg = Release|Any CPU
		{2458716A-98B6-4528-8B7F-94633E92F408}.Release|x86.ActiveCfg = Release|Any CPU
		{86C214FA-A229-4F5D-B135-66095AD528F7}.Debug|Any CPU.ActiveCfg = Debug|Win32
		{86C214FA-A229-4F5D-B135-66095AD528F7}.Debug|x64.ActiveCfg = Debug|x64
		{86C214FA-A229-4F5D-B135-66095AD528F7}.Debug|x64.Build.0 = Debug|x64
		{86C214FA-A229-4F5D-B135-66095AD528F7}.Debug|x86.ActiveCfg = Debug|Win32
		{86C214FA-A229-4F5D-B135-66095AD528F7}.Debug|x86.Build.0 = Debug|Win32
		{86C214FA-A229-4F5D-B135-66095AD528F7}.Release|Any CPU.ActiveCfg = Release|Win32
		{86C214FA-A229-4F5D-B135-66095AD528F7}.Release|x64.ActiveCfg = Release|x64
		{86C214FA-A229-4F5D-B135-66095AD528F7}.Release|x64.Build.0 = Release|x64
		{86C214FA-A229-4F5D-B135-66095AD528F7}.Release|x86.ActiveCfg = Release|Win32
		{86C214FA-A229-4F5D-B135-66095AD528F7}.Release|x86.Build.0 = Release|Win32
		{4F11666F-E35D-4942-BF0D-72E43B099192}.Debug|Any CPU.ActiveCfg = Debug|Any CPU
		{4F11666F-E35D-4942-BF0D-72E43B099192}.Debug|x64.ActiveCfg = Debug|Any CPU
		{4F11666F-E35D-4942-BF0D-72E43B099192}.Debug|x86.ActiveCfg = Debug|Any CPU
		{4F11666F-E35D-4942-BF0D-72E43B099192}.Release|Any CPU.ActiveCfg = Release|Any CPU
		{4F11666F-E35D-4942-BF0D-72E43B099192}.Release|x64.ActiveCfg = Release|Any CPU
		{4F11666F-E35D-4942-BF0D-72E43B099192}.Release|x86.ActiveCfg = Release|Any CPU
		{F72DC484-D84F-4AB7-86B4-EC5C2A62A356}.Debug|Any CPU.ActiveCfg = Debug|Win32
		{F72DC484-D84F-4AB7-86B4-EC5C2A62A356}.Debug|x64.ActiveCfg = Debug|x64
		{F72DC484-D84F-4AB7-86B4-EC5C2A62A356}.Debug|x64.Build.0 = Debug|x64
		{F72DC484-D84F-4AB7-86B4-EC5C2A62A356}.Debug|x86.ActiveCfg = Debug|Win32
		{F72DC484-D84F-4AB7-86B4-EC5C2A62A356}.Debug|x86.Build.0 = Debug|Win32
		{F72DC484-D84F-4AB7-86B4-EC5C2A62A356}.Release|Any CPU.ActiveCfg = Release|Win32
		{F72DC484-D84F-4AB7-86B4-EC5C2A62A356}.Release|x64.ActiveCfg = Release|x64
		{F72DC484-D84F-4AB7-86B4-EC5C2A62A356}.Release|x64.Build.0 = Release|x64
		{F72DC484-D84F-4AB7-86B4-EC5C2A62A356}.Release|x86.ActiveCfg = Release|Win32
		{F72DC484-D84F-4AB7-86B4-EC5C2A62A356}.Release|x86.Build.0 = Release|Win32
		{4FD7197A-93CE-4452-BD87-F947DAD70E31}.Debug|Any CPU.ActiveCfg = Debug|Any CPU
		{4FD7197A-93CE-4452-BD87-F947DAD70E31}.Debug|x64.ActiveCfg = Debug|Any CPU
		{4FD7197A-93CE-4452-BD87-F947DAD70E31}.Debug|x86.ActiveCfg = Debug|Any CPU
		{4FD7197A-93CE-4452-BD87-F947DAD70E31}.Release|Any CPU.ActiveCfg = Release|Any CPU
		{4FD7197A-93CE-4452-BD87-F947DAD70E31}.Release|x64.ActiveCfg = Release|Any CPU
		{4FD7197A-93CE-4452-BD87-F947DAD70E31}.Release|x86.ActiveCfg = Release|Any CPU
		{DDFF7B3C-55EF-4FE2-A84B-8C777835B73D}.Debug|Any CPU.ActiveCfg = Debug|Win32
		{DDFF7B3C-55EF-4FE2-A84B-8C777835B73D}.Debug|x64.ActiveCfg = Debug|x64
		{DDFF7B3C-55EF-4FE2-A84B-8C777835B73D}.Debug|x64.Build.0 = Debug|x64
		{DDFF7B3C-55EF-4FE2-A84B-8C777835B73D}.Debug|x86.ActiveCfg = Debug|Win32
		{DDFF7B3C-55EF-4FE2-A84B-8C777835B73D}.Debug|x86.Build.0 = Debug|Win32
		{DDFF7B3C-55EF-4FE2-A84B-8C777835B73D}.Release|Any CPU.ActiveCfg = Release|Win32
		{DDFF7B3C-55EF-4FE2-A84B-8C777835B73D}.Release|x64.ActiveCfg = Release|x64
		{DDFF7B3C-55EF-4FE2-A84B-8C777835B73D}.Release|x64.Build.0 = Release|x64
		{DDFF7B3C-55EF-4FE2-A84B-8C777835B73D}.Release|x86.ActiveCfg = Release|Win32
		{DDFF7B3C-55EF-4FE2-A84B-8C777835B73D}.Release|x86.Build.0 = Release|Win32
		{70E411D3-2D97-42D7-8859-9BBD9EC00432}.Debug|Any CPU.ActiveCfg = Debug|Win32
		{70E411D3-2D97-42D7-8859-9BBD9EC00432}.Debug|x64.ActiveCfg = Debug|x64
		{70E411D3-2D97-42D7-8859-9BBD9EC00432}.Debug|x64.Build.0 = Debug|x64
		{70E411D3-2D97-42D7-8859-9BBD9EC00432}.Debug|x86.ActiveCfg = Debug|Win32
		{70E411D3-2D97-42D7-8859-9BBD9EC00432}.Debug|x86.Build.0 = Debug|Win32
		{70E411D3-2D97-42D7-8859-9BBD9EC00432}.Release|Any CPU.ActiveCfg = Release|Win32
		{70E411D3-2D97-42D7-8859-9BBD9EC00432}.Release|x64.ActiveCfg = Release|x64
		{70E411D3-2D97-42D7-8859-9BBD9EC00432}.Release|x64.Build.0 = Release|x64
		{70E411D3-2D97-42D7-8859-9BBD9EC00432}.Release|x86.ActiveCfg = Release|Win32
		{70E411D3-2D97-42D7-8859-9BBD9EC00432}.Release|x86.Build.0 = Release|Win32
		{C776E992-D781-4925-AB75-83EC27E908FF}.Debug|Any CPU.ActiveCfg = Debug|Win32
		{C776E992-D781-4925-AB75-83EC27E908FF}.Debug|x64.ActiveCfg = Debug|x64
		{C776E992-D781-4925-AB75-83EC27E908FF}.Debug|x64.Build.0 = Debug|x64
		{C776E992-D781-4925-AB75-83EC27E908FF}.Debug|x86.ActiveCfg = Debug|Win32
		{C776E992-D781-4925-AB75-83EC27E908FF}.Debug|x86.Build.0 = Debug|Win32
		{C776E992-D781-4925-AB75-83EC27E908FF}.Release|Any CPU.ActiveCfg = Release|Win32
		{C776E992-D781-4925-AB75-83EC27E908FF}.Release|x64.ActiveCfg = Release|x64
		{C776E992-D781-4925-AB75-83EC27E908FF}.Release|x64.Build.0 = Release|x64
		{C776E992-D781-4925-AB75-83EC27E908FF}.Release|x86.ActiveCfg = Release|Win32
		{C776E992-D781-4925-AB75-83EC27E908FF}.Release|x86.Build.0 = Release|Win32
		{FE58DC05-2A51-4FBC-BCC5-23C87010E1F0}.Debug|Any CPU.ActiveCfg = Debug|Win32
		{FE58DC05-2A51-4FBC-BCC5-23C87010E1F0}.Debug|x64.ActiveCfg = Debug|x64
		{FE58DC05-2A51-4FBC-BCC5-23C87010E1F0}.Debug|x64.Build.0 = Debug|x64
		{FE58DC05-2A51-4FBC-BCC5-23C87010E1F0}.Debug|x86.ActiveCfg = Debug|Win32
		{FE58DC05-2A51-4FBC-BCC5-23C87010E1F0}.Debug|x86.Build.0 = Debug|Win32
		{FE58DC05-2A51-4FBC-BCC5-23C87010E1F0}.Release|Any CPU.ActiveCfg = Release|Win32
		{FE58DC05-2A51-4FBC-BCC5-23C87010E1F0}.Release|x64.ActiveCfg = Release|x64
		{FE58DC05-2A51-4FBC-BCC5-23C87010E1F0}.Release|x64.Build.0 = Release|x64
		{FE58DC05-2A51-4FBC-BCC5-23C87010E1F0}.Release|x86.ActiveCfg = Release|Win32
		{FE58DC05-2A51-4FBC-BCC5-23C87010E1F0}.Release|x86.Build.0 = Release|Win32
		{AF9D522F-A081-486D-B5CC-D0FCC7FC91C9}.Debug|Any CPU.ActiveCfg = Debug|Win32
		{AF9D522F-A081-486D-B5CC-D0FCC7FC91C9}.Debug|x64.ActiveCfg = Debug|x64
		{AF9D522F-A081-486D-B5CC-D0FCC7FC91C9}.Debug|x64.Build.0 = Debug|x64
		{AF9D522F-A081-486D-B5CC-D0FCC7FC91C9}.Debug|x86.ActiveCfg = Debug|Win32
		{AF9D522F-A081-486D-B5CC-D0FCC7FC91C9}.Debug|x86.Build.0 = Debug|Win32
		{AF9D522F-A081-486D-B5CC-D0FCC7FC91C9}.Release|Any CPU.ActiveCfg = Release|Win32
		{AF9D522F-A081-486D-B5CC-D0FCC7FC91C9}.Release|x64.ActiveCfg = Release|x64
		{AF9D522F-A081-486D-B5CC-D0FCC7FC91C9}.Release|x64.Build.0 = Release|x64
		{AF9D522F-A081-486D-B5CC-D0FCC7FC91C9}.Release|x86.ActiveCfg = Release|Win32
		{AF9D522F-A081-486D-B5CC-D0FCC7FC91C9}.Release|x86.Build.0 = Release|Win32
		{04887A21-DB11-4DFE-A7C4-DF36894CADC8}.Debug|Any CPU.ActiveCfg = Debug|Win32
		{04887A21-DB11-4DFE-A7C4-DF36894CADC8}.Debug|x64.ActiveCfg = Debug|x64
		{04887A21-DB11-4DFE-A7C4-DF36894CADC8}.Debug|x64.Build.0 = Debug|x64
		{04887A21-DB11-4DFE-A7C4-DF36894CADC8}.Debug|x86.ActiveCfg = Debug|Win32
		{04887A21-DB11-4DFE-A7C4-DF36894CADC8}.Debug|x86.Build.0 = Debug|Win32
		{04887A21-DB11-4DFE-A7C4-DF36894CADC8}.Release|Any CPU.ActiveCfg = Release|Win32
		{04887A21-DB11-4DFE-A7C4-DF36894CADC8}.Release|x64.ActiveCfg = Release|x64
		{04887A21-DB11-4DFE-A7C4-DF36894CADC8}.Release|x64.Build.0 = Release|x64
		{04887A21-DB11-4DFE-A7C4-DF36894CADC8}.Release|x86.ActiveCfg = Release|Win32
		{04887A21-DB11-4DFE-A7C4-DF36894CADC8}.Release|x86.Build.0 = Release|Win32
		{63BB2497-C8A4-43DA-B45A-6C419595FC6E}.Debug|Any CPU.ActiveCfg = Debug|Win32
		{63BB2497-C8A4-43DA-B45A-6C419595FC6E}.Debug|x64.ActiveCfg = Debug|x64
		{63BB2497-C8A4-43DA-B45A-6C419595FC6E}.Debug|x64.Build.0 = Debug|x64
		{63BB2497-C8A4-43DA-B45A-6C419595FC6E}.Debug|x86.ActiveCfg = Debug|Win32
		{63BB2497-C8A4-43DA-B45A-6C419595FC6E}.Debug|x86.Build.0 = Debug|Win32
		{63BB2497-C8A4-43DA-B45A-6C419595FC6E}.Release|Any CPU.ActiveCfg = Release|Win32
		{63BB2497-C8A4-43DA-B45A-6C419595FC6E}.Release|x64.ActiveCfg = Release|x64
		{63BB2497-C8A4-43DA-B45A-6C419595FC6E}.Release|x64.Build.0 = Release|x64
		{63BB2497-C8A4-43DA-B45A-6C419595FC6E}.Release|x86.ActiveCfg = Release|Win32
		{63BB2497-C8A4-43DA-B45A-6C419595FC6E}.Release|x86.Build.0 = Release|Win32
		{C58628FA-A71F-4741-9DCA-5BF2FCAD1ACE}.Debug|Any CPU.ActiveCfg = Debug|Win32
		{C58628FA-A71F-4741-9DCA-5BF2FCAD1ACE}.Debug|x64.ActiveCfg = Debug|x64
		{C58628FA-A71F-4741-9DCA-5BF2FCAD1ACE}.Debug|x64.Build.0 = Debug|x64
		{C58628FA-A71F-4741-9DCA-5BF2FCAD1ACE}.Debug|x86.ActiveCfg = Debug|Win32
		{C58628FA-A71F-4741-9DCA-5BF2FCAD1ACE}.Debug|x86.Build.0 = Debug|Win32
		{C58628FA-A71F-4741-9DCA-5BF2FCAD1ACE}.Release|Any CPU.ActiveCfg = Release|Win32
		{C58628FA-A71F-4741-9DCA-5BF2FCAD1ACE}.Release|x64.ActiveCfg = Release|x64
		{C58628FA-A71F-4741-9DCA-5BF2FCAD1ACE}.Release|x64.Build.0 = Release|x64
		{C58628FA-A71F-4741-9DCA-5BF2FCAD1ACE}.Release|x86.ActiveCfg = Release|Win32
		{C58628FA-A71F-4741-9DCA-5BF2FCAD1ACE}.Release|x86.Build.0 = Release|Win32
		{499FC56A-D702-41FD-8C39-3CF5E52CEABE}.Debug|Any CPU.ActiveCfg = Debug|Win32
		{499FC56A-D702-41FD-8C39-3CF5E52CEABE}.Debug|x64.ActiveCfg = Debug|x64
		{499FC56A-D702-41FD-8C39-3CF5E52CEABE}.Debug|x64.Build.0 = Debug|x64
		{499FC56A-D702-41FD-8C39-3CF5E52CEABE}.Debug|x86.ActiveCfg = Debug|Win32
		{499FC56A-D702-41FD-8C39-3CF5E52CEABE}.Debug|x86.Build.0 = Debug|Win32
		{499FC56A-D702-41FD-8C39-3CF5E52CEABE}.Release|Any CPU.ActiveCfg = Release|Win32
		{499FC56A-D702-41FD-8C39-3CF5E52CEABE}.Release|x64.ActiveCfg = Release|x64
		{499FC56A-D702-41FD-8C39-3CF5E52CEABE}.Release|x64.Build.0 = Release|x64
		{499FC56A-D702-41FD-8C39-3CF5E52CEABE}.Release|x86.ActiveCfg = Release|Win32
		{499FC56A-D702-41FD-8C39-3CF5E52CEABE}.Release|x86.Build.0 = Release|Win32
		{3DAFFEFB-ACCE-4371-A71A-6EC6CF00501A}.Debug|Any CPU.ActiveCfg = Debug|Win32
		{3DAFFEFB-ACCE-4371-A71A-6EC6CF00501A}.Debug|x64.ActiveCfg = Debug|x64
		{3DAFFEFB-ACCE-4371-A71A-6EC6CF00501A}.Debug|x64.Build.0 = Debug|x64
		{3DAFFEFB-ACCE-4371-A71A-6EC6CF00501A}.Debug|x86.ActiveCfg = Debug|Win32
		{3DAFFEFB-ACCE-4371-A71A-6EC6CF00501A}.Debug|x86.Build.0 = Debug|Win32
		{3DAFFEFB-ACCE-4371-A71A-6EC6CF00501A}.Release|Any CPU.ActiveCfg = Release|Win32
		{3DAFFEFB-ACCE-4371-A71A-6EC6CF00501A}.Release|x64.ActiveCfg = Release|x64
		{3DAFFEFB-ACCE-4371-A71A-6EC6CF00501A}.Release|x64.Build.0 = Release|x64
		{3DAFFEFB-ACCE-4371-A71A-6EC6CF00501A}.Release|x86.ActiveCfg = Release|Win32
		{3DAFFEFB-ACCE-4371-A71A-6EC6CF00501A}.Release|x86.Build.0 = Release|Win32
		{81CD4EF9-80BC-443E-8F47-0657623682B7}.Debug|Any CPU.ActiveCfg = Debug|Win32
		{81CD4EF9-80BC-443E-8F47-0657623682B7}.Debug|x64.ActiveCfg = Debug|x64
		{81CD4EF9-80BC-443E-8F47-0657623682B7}.Debug|x64.Build.0 = Debug|x64
		{81CD4EF9-80BC-443E-8F47-0657623682B7}.Debug|x86.ActiveCfg = Debug|Win32
		{81CD4EF9-80BC-443E-8F47-0657623682B7}.Debug|x86.Build.0 = Debug|Win32
		{81CD4EF9-80BC-443E-8F47-0657623682B7}.Release|Any CPU.ActiveCfg = Release|Win32
		{81CD4EF9-80BC-443E-8F47-0657623682B7}.Release|x64.ActiveCfg = Release|x64
		{81CD4EF9-80BC-443E-8F47-0657623682B7}.Release|x64.Build.0 = Release|x64
		{81CD4EF9-80BC-443E-8F47-0657623682B7}.Release|x86.ActiveCfg = Release|Win32
		{81CD4EF9-80BC-443E-8F47-0657623682B7}.Release|x86.Build.0 = Release|Win32
		{653379A1-758B-4891-A003-D2975E9B1D71}.Debug|Any CPU.ActiveCfg = Debug|Win32
		{653379A1-758B-4891-A003-D2975E9B1D71}.Debug|x64.ActiveCfg = Debug|x64
		{653379A1-758B-4891-A003-D2975E9B1D71}.Debug|x64.Build.0 = Debug|x64
		{653379A1-758B-4891-A003-D2975E9B1D71}.Debug|x86.ActiveCfg = Debug|Win32
		{653379A1-758B-4891-A003-D2975E9B1D71}.Debug|x86.Build.0 = Debug|Win32
		{653379A1-758B-4891-A003-D2975E9B1D71}.Release|Any CPU.ActiveCfg = Release|Win32
		{653379A1-758B-4891-A003-D2975E9B1D71}.Release|x64.ActiveCfg = Release|x64
		{653379A1-758B-4891-A003-D2975E9B1D71}.Release|x64.Build.0 = Release|x64
		{653379A1-758B-4891-A003-D2975E9B1D71}.Release|x86.ActiveCfg = Release|Win32
		{653379A1-758B-4891-A003-D2975E9B1D71}.Release|x86.Build.0 = Release|Win32
		{A197B8B1-E7C1-4351-9E18-B0F0E814520F}.Debug|Any CPU.ActiveCfg = Debug|Win32
		{A197B8B1-E7C1-4351-9E18-B0F0E814520F}.Debug|x64.ActiveCfg = Debug|x64
		{A197B8B1-E7C1-4351-9E18-B0F0E814520F}.Debug|x64.Build.0 = Debug|x64
		{A197B8B1-E7C1-4351-9E18-B0F0E814520F}.Debug|x86.ActiveCfg = Debug|Win32
		{A197B8B1-E7C1-4351-9E18-B0F0E814520F}.Debug|x86.Build.0 = Debug|Win32
		{A197B8B1-E7C1-4351-9E18-B0F0E814520F}.Release|Any CPU.ActiveCfg = Release|Win32
		{A197B8B1-E7C1-4351-9E18-B0F0E814520F}.Release|x64.ActiveCfg = Release|x64
		{A197B8B1-E7C1-4351-9E18-B0F0E814520F}.Release|x64.Build.0 = Release|x64
		{A197B8B1-E7C1-4351-9E18-B0F0E814520F}.Release|x86.ActiveCfg = Release|Win32
		{A197B8B1-E7C1-4351-9E18-B0F0E814520F}.Release|x86.Build.0 = Release|Win32
		{2F6232D6-A4AE-41F3-9DBD-BE9EEA117EF1}.Debug|Any CPU.ActiveCfg = Debug|Win32
		{2F6232D6-A4AE-41F3-9DBD-BE9EEA117EF1}.Debug|x64.ActiveCfg = Debug|x64
		{2F6232D6-A4AE-41F3-9DBD-BE9EEA117EF1}.Debug|x64.Build.0 = Debug|x64
		{2F6232D6-A4AE-41F3-9DBD-BE9EEA117EF1}.Debug|x86.ActiveCfg = Debug|Win32
		{2F6232D6-A4AE-41F3-9DBD-BE9EEA117EF1}.Debug|x86.Build.0 = Debug|Win32
		{2F6232D6-A4AE-41F3-9DBD-BE9EEA117EF1}.Release|Any CPU.ActiveCfg = Release|Win32
		{2F6232D6-A4AE-41F3-9DBD-BE9EEA117EF1}.Release|x64.ActiveCfg = Release|x64
		{2F6232D6-A4AE-41F3-9DBD-BE9EEA117EF1}.Release|x64.Build.0 = Release|x64
		{2F6232D6-A4AE-41F3-9DBD-BE9EEA117EF1}.Release|x86.ActiveCfg = Release|Win32
		{2F6232D6-A4AE-41F3-9DBD-BE9EEA117EF1}.Release|x86.Build.0 = Release|Win32
		{AF84E88B-804B-4344-A4A7-EDB401EC0E56}.Debug|Any CPU.ActiveCfg = Debug|Win32
		{AF84E88B-804B-4344-A4A7-EDB401EC0E56}.Debug|x64.ActiveCfg = Debug|x64
		{AF84E88B-804B-4344-A4A7-EDB401EC0E56}.Debug|x64.Build.0 = Debug|x64
		{AF84E88B-804B-4344-A4A7-EDB401EC0E56}.Debug|x86.ActiveCfg = Debug|Win32
		{AF84E88B-804B-4344-A4A7-EDB401EC0E56}.Debug|x86.Build.0 = Debug|Win32
		{AF84E88B-804B-4344-A4A7-EDB401EC0E56}.Release|Any CPU.ActiveCfg = Release|Win32
		{AF84E88B-804B-4344-A4A7-EDB401EC0E56}.Release|x64.ActiveCfg = Release|x64
		{AF84E88B-804B-4344-A4A7-EDB401EC0E56}.Release|x64.Build.0 = Release|x64
		{AF84E88B-804B-4344-A4A7-EDB401EC0E56}.Release|x86.ActiveCfg = Release|Win32
		{AF84E88B-804B-4344-A4A7-EDB401EC0E56}.Release|x86.Build.0 = Release|Win32
		{79BD5388-8297-4540-A234-B586C2D19E81}.Debug|Any CPU.ActiveCfg = Debug|Win32
		{79BD5388-8297-4540-A234-B586C2D19E81}.Debug|x64.ActiveCfg = Debug|x64
		{79BD5388-8297-4540-A234-B586C2D19E81}.Debug|x64.Build.0 = Debug|x64
		{79BD5388-8297-4540-A234-B586C2D19E81}.Debug|x86.ActiveCfg = Debug|Win32
		{79BD5388-8297-4540-A234-B586C2D19E81}.Debug|x86.Build.0 = Debug|Win32
		{79BD5388-8297-4540-A234-B586C2D19E81}.Release|Any CPU.ActiveCfg = Release|Win32
		{79BD5388-8297-4540-A234-B586C2D19E81}.Release|x64.ActiveCfg = Release|x64
		{79BD5388-8297-4540-A234-B586C2D19E81}.Release|x64.Build.0 = Release|x64
		{79BD5388-8297-4540-A234-B586C2D19E81}.Release|x86.ActiveCfg = Release|Win32
		{79BD5388-8297-4540-A234-B586C2D19E81}.Release|x86.Build.0 = Release|Win32
		{DCDF8783-49FD-410C-A431-FE5D5B5AB764}.Debug|Any CPU.ActiveCfg = Debug|Win32
		{DCDF8783-49FD-410C-A431-FE5D5B5AB764}.Debug|x64.ActiveCfg = Debug|x64
		{DCDF8783-49FD-410C-A431-FE5D5B5AB764}.Debug|x64.Build.0 = Debug|x64
		{DCDF8783-49FD-410C-A431-FE5D5B5AB764}.Debug|x86.ActiveCfg = Debug|Win32
		{DCDF8783-49FD-410C-A431-FE5D5B5AB764}.Debug|x86.Build.0 = Debug|Win32
		{DCDF8783-49FD-410C-A431-FE5D5B5AB764}.Release|Any CPU.ActiveCfg = Release|Win32
		{DCDF8783-49FD-410C-A431-FE5D5B5AB764}.Release|x64.ActiveCfg = Release|x64
		{DCDF8783-49FD-410C-A431-FE5D5B5AB764}.Release|x64.Build.0 = Release|x64
		{DCDF8783-49FD-410C-A431-FE5D5B5AB764}.Release|x86.ActiveCfg = Release|Win32
		{DCDF8783-49FD-410C-A431-FE5D5B5AB764}.Release|x86.Build.0 = Release|Win32
		{413DA840-A71F-4C0F-B5F6-B896CDB5857A}.Debug|Any CPU.ActiveCfg = Debug|Win32
		{413DA840-A71F-4C0F-B5F6-B896CDB5857A}.Debug|x64.ActiveCfg = Debug|x64
		{413DA840-A71F-4C0F-B5F6-B896CDB5857A}.Debug|x64.Build.0 = Debug|x64
		{413DA840-A71F-4C0F-B5F6-B896CDB5857A}.Debug|x86.ActiveCfg = Debug|Win32
		{413DA840-A71F-4C0F-B5F6-B896CDB5857A}.Debug|x86.Build.0 = Debug|Win32
		{413DA840-A71F-4C0F-B5F6-B896CDB5857A}.Release|Any CPU.ActiveCfg = Release|Win32
		{413DA840-A71F-4C0F-B5F6-B896CDB5857A}.Release|x64.ActiveCfg = Release|x64
		{413DA840-A71F-4C0F-B5F6-B896CDB5857A}.Release|x64.Build.0 = Release|x64
		{413DA840-A71F-4C0F-B5F6-B896CDB5857A}.Release|x86.ActiveCfg = Release|Win32
		{413DA840-A71F-4C0F-B5F6-B896CDB5857A}.Release|x86.Build.0 = Release|Win32
		{59740A95-FB7E-4BDB-BFC8-5502EF8BCA99}.Debug|Any CPU.ActiveCfg = Debug|Win32
		{59740A95-FB7E-4BDB-BFC8-5502EF8BCA99}.Debug|x64.ActiveCfg = Debug|x64
		{59740A95-FB7E-4BDB-BFC8-5502EF8BCA99}.Debug|x64.Build.0 = Debug|x64
		{59740A95-FB7E-4BDB-BFC8-5502EF8BCA99}.Debug|x86.ActiveCfg = Debug|Win32
		{59740A95-FB7E-4BDB-BFC8-5502EF8BCA99}.Debug|x86.Build.0 = Debug|Win32
		{59740A95-FB7E-4BDB-BFC8-5502EF8BCA99}.Release|Any CPU.ActiveCfg = Release|Win32
		{59740A95-FB7E-4BDB-BFC8-5502EF8BCA99}.Release|x64.ActiveCfg = Release|x64
		{59740A95-FB7E-4BDB-BFC8-5502EF8BCA99}.Release|x64.Build.0 = Release|x64
		{59740A95-FB7E-4BDB-BFC8-5502EF8BCA99}.Release|x86.ActiveCfg = Release|Win32
		{59740A95-FB7E-4BDB-BFC8-5502EF8BCA99}.Release|x86.Build.0 = Release|Win32
		{12F30E75-2219-445A-A509-154D5F309F1B}.Debug|Any CPU.ActiveCfg = Debug|Win32
		{12F30E75-2219-445A-A509-154D5F309F1B}.Debug|x64.ActiveCfg = Debug|x64
		{12F30E75-2219-445A-A509-154D5F309F1B}.Debug|x64.Build.0 = Debug|x64
		{12F30E75-2219-445A-A509-154D5F309F1B}.Debug|x86.ActiveCfg = Debug|Win32
		{12F30E75-2219-445A-A509-154D5F309F1B}.Debug|x86.Build.0 = Debug|Win32
		{12F30E75-2219-445A-A509-154D5F309F1B}.Release|Any CPU.ActiveCfg = Release|Win32
		{12F30E75-2219-445A-A509-154D5F309F1B}.Release|x64.ActiveCfg = Release|x64
		{12F30E75-2219-445A-A509-154D5F309F1B}.Release|x64.Build.0 = Release|x64
		{12F30E75-2219-445A-A509-154D5F309F1B}.Release|x86.ActiveCfg = Release|Win32
		{12F30E75-2219-445A-A509-154D5F309F1B}.Release|x86.Build.0 = Release|Win32
		{3F914056-0600-4343-A59B-D82F05C1DA22}.Debug|Any CPU.ActiveCfg = Debug|Win32
		{3F914056-0600-4343-A59B-D82F05C1DA22}.Debug|x64.ActiveCfg = Debug|x64
		{3F914056-0600-4343-A59B-D82F05C1DA22}.Debug|x64.Build.0 = Debug|x64
		{3F914056-0600-4343-A59B-D82F05C1DA22}.Debug|x86.ActiveCfg = Debug|Win32
		{3F914056-0600-4343-A59B-D82F05C1DA22}.Debug|x86.Build.0 = Debug|Win32
		{3F914056-0600-4343-A59B-D82F05C1DA22}.Release|Any CPU.ActiveCfg = Release|Win32
		{3F914056-0600-4343-A59B-D82F05C1DA22}.Release|x64.ActiveCfg = Release|x64
		{3F914056-0600-4343-A59B-D82F05C1DA22}.Release|x64.Build.0 = Release|x64
		{3F914056-0600-4343-A59B-D82F05C1DA22}.Release|x86.ActiveCfg = Release|Win32
		{3F914056-0600-4343-A59B-D82F05C1DA22}.Release|x86.Build.0 = Release|Win32
		{0873591B-ECC1-45AA-95A3-B16FD2F8147B}.Debug|Any CPU.ActiveCfg = Debug|Win32
		{0873591B-ECC1-45AA-95A3-B16FD2F8147B}.Debug|x64.ActiveCfg = Debug|x64
		{0873591B-ECC1-45AA-95A3-B16FD2F8147B}.Debug|x64.Build.0 = Debug|x64
		{0873591B-ECC1-45AA-95A3-B16FD2F8147B}.Debug|x86.ActiveCfg = Debug|Win32
		{0873591B-ECC1-45AA-95A3-B16FD2F8147B}.Debug|x86.Build.0 = Debug|Win32
		{0873591B-ECC1-45AA-95A3-B16FD2F8147B}.Release|Any CPU.ActiveCfg = Release|Win32
		{0873591B-ECC1-45AA-95A3-B16FD2F8147B}.Release|x64.ActiveCfg = Release|x64
		{0873591B-ECC1-45AA-95A3-B16FD2F8147B}.Release|x64.Build.0 = Release|x64
		{0873591B-ECC1-45AA-95A3-B16FD2F8147B}.Release|x86.ActiveCfg = Release|Win32
		{0873591B-ECC1-45AA-95A3-B16FD2F8147B}.Release|x86.Build.0 = Release|Win32
		{E72F5998-C9E9-4997-8809-AF1FB841C4C9}.Debug|Any CPU.ActiveCfg = Debug|Win32
		{E72F5998-C9E9-4997-8809-AF1FB841C4C9}.Debug|x64.ActiveCfg = Debug|x64
		{E72F5998-C9E9-4997-8809-AF1FB841C4C9}.Debug|x64.Build.0 = Debug|x64
		{E72F5998-C9E9-4997-8809-AF1FB841C4C9}.Debug|x86.ActiveCfg = Debug|Win32
		{E72F5998-C9E9-4997-8809-AF1FB841C4C9}.Debug|x86.Build.0 = Debug|Win32
		{E72F5998-C9E9-4997-8809-AF1FB841C4C9}.Release|Any CPU.ActiveCfg = Release|Win32
		{E72F5998-C9E9-4997-8809-AF1FB841C4C9}.Release|x64.ActiveCfg = Release|x64
		{E72F5998-C9E9-4997-8809-AF1FB841C4C9}.Release|x64.Build.0 = Release|x64
		{E72F5998-C9E9-4997-8809-AF1FB841C4C9}.Release|x86.ActiveCfg = Release|Win32
		{E72F5998-C9E9-4997-8809-AF1FB841C4C9}.Release|x86.Build.0 = Release|Win32
		{22C82752-AC1C-4032-8E7C-F540F542CC0F}.Debug|Any CPU.ActiveCfg = Debug|Win32
		{22C82752-AC1C-4032-8E7C-F540F542CC0F}.Debug|x64.ActiveCfg = Debug|x64
		{22C82752-AC1C-4032-8E7C-F540F542CC0F}.Debug|x64.Build.0 = Debug|x64
		{22C82752-AC1C-4032-8E7C-F540F542CC0F}.Debug|x86.ActiveCfg = Debug|Win32
		{22C82752-AC1C-4032-8E7C-F540F542CC0F}.Debug|x86.Build.0 = Debug|Win32
		{22C82752-AC1C-4032-8E7C-F540F542CC0F}.Release|Any CPU.ActiveCfg = Release|Win32
		{22C82752-AC1C-4032-8E7C-F540F542CC0F}.Release|x64.ActiveCfg = Release|x64
		{22C82752-AC1C-4032-8E7C-F540F542CC0F}.Release|x64.Build.0 = Release|x64
		{22C82752-AC1C-4032-8E7C-F540F542CC0F}.Release|x86.ActiveCfg = Release|Win32
		{22C82752-AC1C-4032-8E7C-F540F542CC0F}.Release|x86.Build.0 = Release|Win32
		{D533983A-B3C2-40B3-BDED-E4656E0B1420}.Debug|Any CPU.ActiveCfg = Debug|Win32
		{D533983A-B3C2-40B3-BDED-E4656E0B1420}.Debug|x64.ActiveCfg = Debug|x64
		{D533983A-B3C2-40B3-BDED-E4656E0B1420}.Debug|x64.Build.0 = Debug|x64
		{D533983A-B3C2-40B3-BDED-E4656E0B1420}.Debug|x86.ActiveCfg = Debug|Win32
		{D533983A-B3C2-40B3-BDED-E4656E0B1420}.Debug|x86.Build.0 = Debug|Win32
		{D533983A-B3C2-40B3-BDED-E4656E0B1420}.Release|Any CPU.ActiveCfg = Release|Win32
		{D533983A-B3C2-40B3-BDED-E4656E0B1420}.Release|x64.ActiveCfg = Release|x64
		{D533983A-B3C2-40B3-BDED-E4656E0B1420}.Release|x64.Build.0 = Release|x64
		{D533983A-B3C2-40B3-BDED-E4656E0B1420}.Release|x86.ActiveCfg = Release|Win32
		{D533983A-B3C2-40B3-BDED-E4656E0B1420}.Release|x86.Build.0 = Release|Win32
		{ED0DCCA1-3045-4B5A-90DA-2497D18EB29F}.Debug|Any CPU.ActiveCfg = Debug|Win32
		{ED0DCCA1-3045-4B5A-90DA-2497D18EB29F}.Debug|x64.ActiveCfg = Debug|x64
		{ED0DCCA1-3045-4B5A-90DA-2497D18EB29F}.Debug|x64.Build.0 = Debug|x64
		{ED0DCCA1-3045-4B5A-90DA-2497D18EB29F}.Debug|x86.ActiveCfg = Debug|Win32
		{ED0DCCA1-3045-4B5A-90DA-2497D18EB29F}.Debug|x86.Build.0 = Debug|Win32
		{ED0DCCA1-3045-4B5A-90DA-2497D18EB29F}.Release|Any CPU.ActiveCfg = Release|Win32
		{ED0DCCA1-3045-4B5A-90DA-2497D18EB29F}.Release|x64.ActiveCfg = Release|x64
		{ED0DCCA1-3045-4B5A-90DA-2497D18EB29F}.Release|x64.Build.0 = Release|x64
		{ED0DCCA1-3045-4B5A-90DA-2497D18EB29F}.Release|x86.ActiveCfg = Release|Win32
		{ED0DCCA1-3045-4B5A-90DA-2497D18EB29F}.Release|x86.Build.0 = Release|Win32
		{DEDA28CC-FA73-417D-B1A7-169F4AD7EC91}.Debug|Any CPU.ActiveCfg = Debug|Win32
		{DEDA28CC-FA73-417D-B1A7-169F4AD7EC91}.Debug|x64.ActiveCfg = Debug|x64
		{DEDA28CC-FA73-417D-B1A7-169F4AD7EC91}.Debug|x64.Build.0 = Debug|x64
		{DEDA28CC-FA73-417D-B1A7-169F4AD7EC91}.Debug|x86.ActiveCfg = Debug|Win32
		{DEDA28CC-FA73-417D-B1A7-169F4AD7EC91}.Debug|x86.Build.0 = Debug|Win32
		{DEDA28CC-FA73-417D-B1A7-169F4AD7EC91}.Release|Any CPU.ActiveCfg = Release|Win32
		{DEDA28CC-FA73-417D-B1A7-169F4AD7EC91}.Release|x64.ActiveCfg = Release|x64
		{DEDA28CC-FA73-417D-B1A7-169F4AD7EC91}.Release|x64.Build.0 = Release|x64
		{DEDA28CC-FA73-417D-B1A7-169F4AD7EC91}.Release|x86.ActiveCfg = Release|Win32
		{DEDA28CC-FA73-417D-B1A7-169F4AD7EC91}.Release|x86.Build.0 = Release|Win32
		{42061D78-ECAC-46CC-BE03-B15716D61F99}.Debug|Any CPU.ActiveCfg = Debug|Win32
		{42061D78-ECAC-46CC-BE03-B15716D61F99}.Debug|x64.ActiveCfg = Debug|x64
		{42061D78-ECAC-46CC-BE03-B15716D61F99}.Debug|x64.Build.0 = Debug|x64
		{42061D78-ECAC-46CC-BE03-B15716D61F99}.Debug|x86.ActiveCfg = Debug|Win32
		{42061D78-ECAC-46CC-BE03-B15716D61F99}.Debug|x86.Build.0 = Debug|Win32
		{42061D78-ECAC-46CC-BE03-B15716D61F99}.Release|Any CPU.ActiveCfg = Release|Win32
		{42061D78-ECAC-46CC-BE03-B15716D61F99}.Release|x64.ActiveCfg = Release|x64
		{42061D78-ECAC-46CC-BE03-B15716D61F99}.Release|x64.Build.0 = Release|x64
		{42061D78-ECAC-46CC-BE03-B15716D61F99}.Release|x86.ActiveCfg = Release|Win32
		{42061D78-ECAC-46CC-BE03-B15716D61F99}.Release|x86.Build.0 = Release|Win32
		{E037FC19-506C-4C32-AC1F-FCBC1A965CA7}.Debug|Any CPU.ActiveCfg = Debug|Win32
		{E037FC19-506C-4C32-AC1F-FCBC1A965CA7}.Debug|x64.ActiveCfg = Debug|x64
		{E037FC19-506C-4C32-AC1F-FCBC1A965CA7}.Debug|x64.Build.0 = Debug|x64
		{E037FC19-506C-4C32-AC1F-FCBC1A965CA7}.Debug|x86.ActiveCfg = Debug|Win32
		{E037FC19-506C-4C32-AC1F-FCBC1A965CA7}.Debug|x86.Build.0 = Debug|Win32
		{E037FC19-506C-4C32-AC1F-FCBC1A965CA7}.Release|Any CPU.ActiveCfg = Release|Win32
		{E037FC19-506C-4C32-AC1F-FCBC1A965CA7}.Release|x64.ActiveCfg = Release|x64
		{E037FC19-506C-4C32-AC1F-FCBC1A965CA7}.Release|x64.Build.0 = Release|x64
		{E037FC19-506C-4C32-AC1F-FCBC1A965CA7}.Release|x86.ActiveCfg = Release|Win32
		{E037FC19-506C-4C32-AC1F-FCBC1A965CA7}.Release|x86.Build.0 = Release|Win32
		{2840D2C2-1474-4666-8D07-50F0DA5C9DA1}.Debug|Any CPU.ActiveCfg = Debug|Win32
		{2840D2C2-1474-4666-8D07-50F0DA5C9DA1}.Debug|x64.ActiveCfg = Debug|x64
		{2840D2C2-1474-4666-8D07-50F0DA5C9DA1}.Debug|x64.Build.0 = Debug|x64
		{2840D2C2-1474-4666-8D07-50F0DA5C9DA1}.Debug|x86.ActiveCfg = Debug|Win32
		{2840D2C2-1474-4666-8D07-50F0DA5C9DA1}.Debug|x86.Build.0 = Debug|Win32
		{2840D2C2-1474-4666-8D07-50F0DA5C9DA1}.Release|Any CPU.ActiveCfg = Release|Win32
		{2840D2C2-1474-4666-8D07-50F0DA5C9DA1}.Release|x64.ActiveCfg = Release|x64
		{2840D2C2-1474-4666-8D07-50F0DA5C9DA1}.Release|x64.Build.0 = Release|x64
		{2840D2C2-1474-4666-8D07-50F0DA5C9DA1}.Release|x86.ActiveCfg = Release|Win32
		{2840D2C2-1474-4666-8D07-50F0DA5C9DA1}.Release|x86.Build.0 = Release|Win32
		{A90D3E95-6A0C-45AA-BF6F-0E628C7ACDCA}.Debug|Any CPU.ActiveCfg = Debug|Win32
		{A90D3E95-6A0C-45AA-BF6F-0E628C7ACDCA}.Debug|x64.ActiveCfg = Debug|x64
		{A90D3E95-6A0C-45AA-BF6F-0E628C7ACDCA}.Debug|x64.Build.0 = Debug|x64
		{A90D3E95-6A0C-45AA-BF6F-0E628C7ACDCA}.Debug|x86.ActiveCfg = Debug|Win32
		{A90D3E95-6A0C-45AA-BF6F-0E628C7ACDCA}.Debug|x86.Build.0 = Debug|Win32
		{A90D3E95-6A0C-45AA-BF6F-0E628C7ACDCA}.Release|Any CPU.ActiveCfg = Release|Win32
		{A90D3E95-6A0C-45AA-BF6F-0E628C7ACDCA}.Release|x64.ActiveCfg = Release|x64
		{A90D3E95-6A0C-45AA-BF6F-0E628C7ACDCA}.Release|x64.Build.0 = Release|x64
		{A90D3E95-6A0C-45AA-BF6F-0E628C7ACDCA}.Release|x86.ActiveCfg = Release|Win32
		{A90D3E95-6A0C-45AA-BF6F-0E628C7ACDCA}.Release|x86.Build.0 = Release|Win32
		{27FBFBEE-9162-4F46-BED7-40A192FE6424}.Debug|Any CPU.ActiveCfg = Debug|Win32
		{27FBFBEE-9162-4F46-BED7-40A192FE6424}.Debug|x64.ActiveCfg = Debug|x64
		{27FBFBEE-9162-4F46-BED7-40A192FE6424}.Debug|x64.Build.0 = Debug|x64
		{27FBFBEE-9162-4F46-BED7-40A192FE6424}.Debug|x86.ActiveCfg = Debug|Win32
		{27FBFBEE-9162-4F46-BED7-40A192FE6424}.Debug|x86.Build.0 = Debug|Win32
		{27FBFBEE-9162-4F46-BED7-40A192FE6424}.Release|Any CPU.ActiveCfg = Release|Win32
		{27FBFBEE-9162-4F46-BED7-40A192FE6424}.Release|x64.ActiveCfg = Release|x64
		{27FBFBEE-9162-4F46-BED7-40A192FE6424}.Release|x64.Build.0 = Release|x64
		{27FBFBEE-9162-4F46-BED7-40A192FE6424}.Release|x86.ActiveCfg = Release|Win32
		{27FBFBEE-9162-4F46-BED7-40A192FE6424}.Release|x86.Build.0 = Release|Win32
		{2450F1F1-8F81-4EB7-B0EB-C79BB2379A82}.Debug|Any CPU.ActiveCfg = Debug|Win32
		{2450F1F1-8F81-4EB7-B0EB-C79BB2379A82}.Debug|x64.ActiveCfg = Debug|x64
		{2450F1F1-8F81-4EB7-B0EB-C79BB2379A82}.Debug|x64.Build.0 = Debug|x64
		{2450F1F1-8F81-4EB7-B0EB-C79BB2379A82}.Debug|x86.ActiveCfg = Debug|Win32
		{2450F1F1-8F81-4EB7-B0EB-C79BB2379A82}.Debug|x86.Build.0 = Debug|Win32
		{2450F1F1-8F81-4EB7-B0EB-C79BB2379A82}.Release|Any CPU.ActiveCfg = Release|Win32
		{2450F1F1-8F81-4EB7-B0EB-C79BB2379A82}.Release|x64.ActiveCfg = Release|x64
		{2450F1F1-8F81-4EB7-B0EB-C79BB2379A82}.Release|x64.Build.0 = Release|x64
		{2450F1F1-8F81-4EB7-B0EB-C79BB2379A82}.Release|x86.ActiveCfg = Release|Win32
		{2450F1F1-8F81-4EB7-B0EB-C79BB2379A82}.Release|x86.Build.0 = Release|Win32
		{A8685876-C00F-46A3-A010-2C259653FFE0}.Debug|Any CPU.ActiveCfg = Debug|Win32
		{A8685876-C00F-46A3-A010-2C259653FFE0}.Debug|x64.ActiveCfg = Debug|x64
		{A8685876-C00F-46A3-A010-2C259653FFE0}.Debug|x64.Build.0 = Debug|x64
		{A8685876-C00F-46A3-A010-2C259653FFE0}.Debug|x86.ActiveCfg = Debug|Win32
		{A8685876-C00F-46A3-A010-2C259653FFE0}.Debug|x86.Build.0 = Debug|Win32
		{A8685876-C00F-46A3-A010-2C259653FFE0}.Release|Any CPU.ActiveCfg = Release|Win32
		{A8685876-C00F-46A3-A010-2C259653FFE0}.Release|x64.ActiveCfg = Release|x64
		{A8685876-C00F-46A3-A010-2C259653FFE0}.Release|x64.Build.0 = Release|x64
		{A8685876-C00F-46A3-A010-2C259653FFE0}.Release|x86.ActiveCfg = Release|Win32
		{A8685876-C00F-46A3-A010-2C259653FFE0}.Release|x86.Build.0 = Release|Win32
		{18E77ABA-8022-455B-8893-F2570F969600}.Debug|Any CPU.ActiveCfg = Debug|Win32
		{18E77ABA-8022-455B-8893-F2570F969600}.Debug|x64.ActiveCfg = Debug|x64
		{18E77ABA-8022-455B-8893-F2570F969600}.Debug|x64.Build.0 = Debug|x64
		{18E77ABA-8022-455B-8893-F2570F969600}.Debug|x86.ActiveCfg = Debug|Win32
		{18E77ABA-8022-455B-8893-F2570F969600}.Debug|x86.Build.0 = Debug|Win32
		{18E77ABA-8022-455B-8893-F2570F969600}.Release|Any CPU.ActiveCfg = Release|Win32
		{18E77ABA-8022-455B-8893-F2570F969600}.Release|x64.ActiveCfg = Release|x64
		{18E77ABA-8022-455B-8893-F2570F969600}.Release|x64.Build.0 = Release|x64
		{18E77ABA-8022-455B-8893-F2570F969600}.Release|x86.ActiveCfg = Release|Win32
		{18E77ABA-8022-455B-8893-F2570F969600}.Release|x86.Build.0 = Release|Win32
		{C5FAA535-B54D-40FE-A17A-65A37021368F}.Debug|Any CPU.ActiveCfg = Debug|Win32
		{C5FAA535-B54D-40FE-A17A-65A37021368F}.Debug|x64.ActiveCfg = Debug|x64
		{C5FAA535-B54D-40FE-A17A-65A37021368F}.Debug|x64.Build.0 = Debug|x64
		{C5FAA535-B54D-40FE-A17A-65A37021368F}.Debug|x86.ActiveCfg = Debug|Win32
		{C5FAA535-B54D-40FE-A17A-65A37021368F}.Debug|x86.Build.0 = Debug|Win32
		{C5FAA535-B54D-40FE-A17A-65A37021368F}.Release|Any CPU.ActiveCfg = Release|Win32
		{C5FAA535-B54D-40FE-A17A-65A37021368F}.Release|x64.ActiveCfg = Release|x64
		{C5FAA535-B54D-40FE-A17A-65A37021368F}.Release|x64.Build.0 = Release|x64
		{C5FAA535-B54D-40FE-A17A-65A37021368F}.Release|x86.ActiveCfg = Release|Win32
		{C5FAA535-B54D-40FE-A17A-65A37021368F}.Release|x86.Build.0 = Release|Win32
		{49A1723B-181A-4F78-9C97-DEE2C30C4126}.Debug|Any CPU.ActiveCfg = Debug|Win32
		{49A1723B-181A-4F78-9C97-DEE2C30C4126}.Debug|x64.ActiveCfg = Debug|x64
		{49A1723B-181A-4F78-9C97-DEE2C30C4126}.Debug|x64.Build.0 = Debug|x64
		{49A1723B-181A-4F78-9C97-DEE2C30C4126}.Debug|x86.ActiveCfg = Debug|Win32
		{49A1723B-181A-4F78-9C97-DEE2C30C4126}.Debug|x86.Build.0 = Debug|Win32
		{49A1723B-181A-4F78-9C97-DEE2C30C4126}.Release|Any CPU.ActiveCfg = Release|Win32
		{49A1723B-181A-4F78-9C97-DEE2C30C4126}.Release|x64.ActiveCfg = Release|x64
		{49A1723B-181A-4F78-9C97-DEE2C30C4126}.Release|x64.Build.0 = Release|x64
		{49A1723B-181A-4F78-9C97-DEE2C30C4126}.Release|x86.ActiveCfg = Release|Win32
		{49A1723B-181A-4F78-9C97-DEE2C30C4126}.Release|x86.Build.0 = Release|Win32
		{E7D25B51-8075-4E9F-B071-C421BD6DEF3E}.Debug|Any CPU.ActiveCfg = Debug|Win32
		{E7D25B51-8075-4E9F-B071-C421BD6DEF3E}.Debug|x64.ActiveCfg = Debug|x64
		{E7D25B51-8075-4E9F-B071-C421BD6DEF3E}.Debug|x64.Build.0 = Debug|x64
		{E7D25B51-8075-4E9F-B071-C421BD6DEF3E}.Debug|x86.ActiveCfg = Debug|Win32
		{E7D25B51-8075-4E9F-B071-C421BD6DEF3E}.Debug|x86.Build.0 = Debug|Win32
		{E7D25B51-8075-4E9F-B071-C421BD6DEF3E}.Release|Any CPU.ActiveCfg = Release|Win32
		{E7D25B51-8075-4E9F-B071-C421BD6DEF3E}.Release|x64.ActiveCfg = Release|x64
		{E7D25B51-8075-4E9F-B071-C421BD6DEF3E}.Release|x64.Build.0 = Release|x64
		{E7D25B51-8075-4E9F-B071-C421BD6DEF3E}.Release|x86.ActiveCfg = Release|Win32
		{E7D25B51-8075-4E9F-B071-C421BD6DEF3E}.Release|x86.Build.0 = Release|Win32
		{0E37132C-C8E8-43FA-800D-B2C7F0284587}.Debug|Any CPU.ActiveCfg = Debug|Win32
		{0E37132C-C8E8-43FA-800D-B2C7F0284587}.Debug|x64.ActiveCfg = Debug|x64
		{0E37132C-C8E8-43FA-800D-B2C7F0284587}.Debug|x64.Build.0 = Debug|x64
		{0E37132C-C8E8-43FA-800D-B2C7F0284587}.Debug|x86.ActiveCfg = Debug|Win32
		{0E37132C-C8E8-43FA-800D-B2C7F0284587}.Debug|x86.Build.0 = Debug|Win32
		{0E37132C-C8E8-43FA-800D-B2C7F0284587}.Release|Any CPU.ActiveCfg = Release|Win32
		{0E37132C-C8E8-43FA-800D-B2C7F0284587}.Release|x64.ActiveCfg = Release|x64
		{0E37132C-C8E8-43FA-800D-B2C7F0284587}.Release|x64.Build.0 = Release|x64
		{0E37132C-C8E8-43FA-800D-B2C7F0284587}.Release|x86.ActiveCfg = Release|Win32
		{0E37132C-C8E8-43FA-800D-B2C7F0284587}.Release|x86.Build.0 = Release|Win32
		{686780D6-1BC8-4314-8B56-8DDD4108C7A7}.Debug|Any CPU.ActiveCfg = Debug|Win32
		{686780D6-1BC8-4314-8B56-8DDD4108C7A7}.Debug|x64.ActiveCfg = Debug|x64
		{686780D6-1BC8-4314-8B56-8DDD4108C7A7}.Debug|x64.Build.0 = Debug|x64
		{686780D6-1BC8-4314-8B56-8DDD4108C7A7}.Debug|x86.ActiveCfg = Debug|Win32
		{686780D6-1BC8-4314-8B56-8DDD4108C7A7}.Debug|x86.Build.0 = Debug|Win32
		{686780D6-1BC8-4314-8B56-8DDD4108C7A7}.Release|Any CPU.ActiveCfg = Release|Win32
		{686780D6-1BC8-4314-8B56-8DDD4108C7A7}.Release|x64.ActiveCfg = Release|x64
		{686780D6-1BC8-4314-8B56-8DDD4108C7A7}.Release|x64.Build.0 = Release|x64
		{686780D6-1BC8-4314-8B56-8DDD4108C7A7}.Release|x86.ActiveCfg = Release|Win32
		{686780D6-1BC8-4314-8B56-8DDD4108C7A7}.Release|x86.Build.0 = Release|Win32
		{290E8541-5E99-432F-8775-F2630FCE5411}.Debug|Any CPU.ActiveCfg = Debug|Win32
		{290E8541-5E99-432F-8775-F2630FCE5411}.Debug|x64.ActiveCfg = Debug|x64
		{290E8541-5E99-432F-8775-F2630FCE5411}.Debug|x64.Build.0 = Debug|x64
		{290E8541-5E99-432F-8775-F2630FCE5411}.Debug|x86.ActiveCfg = Debug|Win32
		{290E8541-5E99-432F-8775-F2630FCE5411}.Debug|x86.Build.0 = Debug|Win32
		{290E8541-5E99-432F-8775-F2630FCE5411}.Release|Any CPU.ActiveCfg = Release|Win32
		{290E8541-5E99-432F-8775-F2630FCE5411}.Release|x64.ActiveCfg = Release|x64
		{290E8541-5E99-432F-8775-F2630FCE5411}.Release|x64.Build.0 = Release|x64
		{290E8541-5E99-432F-8775-F2630FCE5411}.Release|x86.ActiveCfg = Release|Win32
		{290E8541-5E99-432F-8775-F2630FCE5411}.Release|x86.Build.0 = Release|Win32
		{43BD936E-C146-4E27-9D9F-8A40AB483807}.Debug|Any CPU.ActiveCfg = Debug|Win32
		{43BD936E-C146-4E27-9D9F-8A40AB483807}.Debug|x64.ActiveCfg = Debug|x64
		{43BD936E-C146-4E27-9D9F-8A40AB483807}.Debug|x64.Build.0 = Debug|x64
		{43BD936E-C146-4E27-9D9F-8A40AB483807}.Debug|x86.ActiveCfg = Debug|Win32
		{43BD936E-C146-4E27-9D9F-8A40AB483807}.Debug|x86.Build.0 = Debug|Win32
		{43BD936E-C146-4E27-9D9F-8A40AB483807}.Release|Any CPU.ActiveCfg = Release|Win32
		{43BD936E-C146-4E27-9D9F-8A40AB483807}.Release|x64.ActiveCfg = Release|x64
		{43BD936E-C146-4E27-9D9F-8A40AB483807}.Release|x64.Build.0 = Release|x64
		{43BD936E-C146-4E27-9D9F-8A40AB483807}.Release|x86.ActiveCfg = Release|Win32
		{43BD936E-C146-4E27-9D9F-8A40AB483807}.Release|x86.Build.0 = Release|Win32
		{CC183699-D613-421F-8AA8-B180955BBFEA}.Debug|Any CPU.ActiveCfg = Debug|Win32
		{CC183699-D613-421F-8AA8-B180955BBFEA}.Debug|x64.ActiveCfg = Debug|x64
		{CC183699-D613-421F-8AA8-B180955BBFEA}.Debug|x64.Build.0 = Debug|x64
		{CC183699-D613-421F-8AA8-B180955BBFEA}.Debug|x86.ActiveCfg = Debug|Win32
		{CC183699-D613-421F-8AA8-B180955BBFEA}.Debug|x86.Build.0 = Debug|Win32
		{CC183699-D613-421F-8AA8-B180955BBFEA}.Release|Any CPU.ActiveCfg = Release|Win32
		{CC183699-D613-421F-8AA8-B180955BBFEA}.Release|x64.ActiveCfg = Release|x64
		{CC183699-D613-421F-8AA8-B180955BBFEA}.Release|x64.Build.0 = Release|x64
		{CC183699-D613-421F-8AA8-B180955BBFEA}.Release|x86.ActiveCfg = Release|Win32
		{CC183699-D613-421F-8AA8-B180955BBFEA}.Release|x86.Build.0 = Release|Win32
		{9442E867-E554-4688-A01C-3A7BF5FDB0D7}.Debug|Any CPU.ActiveCfg = Debug|Win32
		{9442E867-E554-4688-A01C-3A7BF5FDB0D7}.Debug|x64.ActiveCfg = Debug|x64
		{9442E867-E554-4688-A01C-3A7BF5FDB0D7}.Debug|x64.Build.0 = Debug|x64
		{9442E867-E554-4688-A01C-3A7BF5FDB0D7}.Debug|x86.ActiveCfg = Debug|Win32
		{9442E867-E554-4688-A01C-3A7BF5FDB0D7}.Debug|x86.Build.0 = Debug|Win32
		{9442E867-E554-4688-A01C-3A7BF5FDB0D7}.Release|Any CPU.ActiveCfg = Release|Win32
		{9442E867-E554-4688-A01C-3A7BF5FDB0D7}.Release|x64.ActiveCfg = Release|x64
		{9442E867-E554-4688-A01C-3A7BF5FDB0D7}.Release|x64.Build.0 = Release|x64
		{9442E867-E554-4688-A01C-3A7BF5FDB0D7}.Release|x86.ActiveCfg = Release|Win32
		{9442E867-E554-4688-A01C-3A7BF5FDB0D7}.Release|x86.Build.0 = Release|Win32
		{75453756-921A-4EC7-B64C-D076BE9319FC}.Debug|Any CPU.ActiveCfg = Debug|Win32
		{75453756-921A-4EC7-B64C-D076BE9319FC}.Debug|x64.ActiveCfg = Debug|x64
		{75453756-921A-4EC7-B64C-D076BE9319FC}.Debug|x64.Build.0 = Debug|x64
		{75453756-921A-4EC7-B64C-D076BE9319FC}.Debug|x86.ActiveCfg = Debug|Win32
		{75453756-921A-4EC7-B64C-D076BE9319FC}.Debug|x86.Build.0 = Debug|Win32
		{75453756-921A-4EC7-B64C-D076BE9319FC}.Release|Any CPU.ActiveCfg = Release|Win32
		{75453756-921A-4EC7-B64C-D076BE9319FC}.Release|x64.ActiveCfg = Release|x64
		{75453756-921A-4EC7-B64C-D076BE9319FC}.Release|x64.Build.0 = Release|x64
		{75453756-921A-4EC7-B64C-D076BE9319FC}.Release|x86.ActiveCfg = Release|Win32
		{75453756-921A-4EC7-B64C-D076BE9319FC}.Release|x86.Build.0 = Release|Win32
		{0FB53BDC-7E5B-4988-8264-1352288DD881}.Debug|Any CPU.ActiveCfg = Debug|Win32
		{0FB53BDC-7E5B-4988-8264-1352288DD881}.Debug|x64.ActiveCfg = Debug|x64
		{0FB53BDC-7E5B-4988-8264-1352288DD881}.Debug|x64.Build.0 = Debug|x64
		{0FB53BDC-7E5B-4988-8264-1352288DD881}.Debug|x86.ActiveCfg = Debug|Win32
		{0FB53BDC-7E5B-4988-8264-1352288DD881}.Debug|x86.Build.0 = Debug|Win32
		{0FB53BDC-7E5B-4988-8264-1352288DD881}.Release|Any CPU.ActiveCfg = Release|Win32
		{0FB53BDC-7E5B-4988-8264-1352288DD881}.Release|x64.ActiveCfg = Release|x64
		{0FB53BDC-7E5B-4988-8264-1352288DD881}.Release|x64.Build.0 = Release|x64
		{0FB53BDC-7E5B-4988-8264-1352288DD881}.Release|x86.ActiveCfg = Release|Win32
		{0FB53BDC-7E5B-4988-8264-1352288DD881}.Release|x86.Build.0 = Release|Win32
		{86559A0F-DB81-4F8C-9B6E-AA4488E15951}.Debug|Any CPU.ActiveCfg = Debug|Win32
		{86559A0F-DB81-4F8C-9B6E-AA4488E15951}.Debug|x64.ActiveCfg = Debug|x64
		{86559A0F-DB81-4F8C-9B6E-AA4488E15951}.Debug|x64.Build.0 = Debug|x64
		{86559A0F-DB81-4F8C-9B6E-AA4488E15951}.Debug|x86.ActiveCfg = Debug|Win32
		{86559A0F-DB81-4F8C-9B6E-AA4488E15951}.Debug|x86.Build.0 = Debug|Win32
		{86559A0F-DB81-4F8C-9B6E-AA4488E15951}.Release|Any CPU.ActiveCfg = Release|Win32
		{86559A0F-DB81-4F8C-9B6E-AA4488E15951}.Release|x64.ActiveCfg = Release|x64
		{86559A0F-DB81-4F8C-9B6E-AA4488E15951}.Release|x64.Build.0 = Release|x64
		{86559A0F-DB81-4F8C-9B6E-AA4488E15951}.Release|x86.ActiveCfg = Release|Win32
		{86559A0F-DB81-4F8C-9B6E-AA4488E15951}.Release|x86.Build.0 = Release|Win32
		{0C75D266-DD60-4C32-8FBB-10C60655A8AF}.Debug|Any CPU.ActiveCfg = Debug|Win32
		{0C75D266-DD60-4C32-8FBB-10C60655A8AF}.Debug|x64.ActiveCfg = Debug|x64
		{0C75D266-DD60-4C32-8FBB-10C60655A8AF}.Debug|x64.Build.0 = Debug|x64
		{0C75D266-DD60-4C32-8FBB-10C60655A8AF}.Debug|x86.ActiveCfg = Debug|Win32
		{0C75D266-DD60-4C32-8FBB-10C60655A8AF}.Debug|x86.Build.0 = Debug|Win32
		{0C75D266-DD60-4C32-8FBB-10C60655A8AF}.Release|Any CPU.ActiveCfg = Release|Win32
		{0C75D266-DD60-4C32-8FBB-10C60655A8AF}.Release|x64.ActiveCfg = Release|x64
		{0C75D266-DD60-4C32-8FBB-10C60655A8AF}.Release|x64.Build.0 = Release|x64
		{0C75D266-DD60-4C32-8FBB-10C60655A8AF}.Release|x86.ActiveCfg = Release|Win32
		{0C75D266-DD60-4C32-8FBB-10C60655A8AF}.Release|x86.Build.0 = Release|Win32
		{0BB001AA-E429-4E75-833D-46DD84DC9F66}.Debug|Any CPU.ActiveCfg = Debug|Win32
		{0BB001AA-E429-4E75-833D-46DD84DC9F66}.Debug|x64.ActiveCfg = Debug|x64
		{0BB001AA-E429-4E75-833D-46DD84DC9F66}.Debug|x64.Build.0 = Debug|x64
		{0BB001AA-E429-4E75-833D-46DD84DC9F66}.Debug|x86.ActiveCfg = Debug|Win32
		{0BB001AA-E429-4E75-833D-46DD84DC9F66}.Debug|x86.Build.0 = Debug|Win32
		{0BB001AA-E429-4E75-833D-46DD84DC9F66}.Release|Any CPU.ActiveCfg = Release|Win32
		{0BB001AA-E429-4E75-833D-46DD84DC9F66}.Release|x64.ActiveCfg = Release|x64
		{0BB001AA-E429-4E75-833D-46DD84DC9F66}.Release|x64.Build.0 = Release|x64
		{0BB001AA-E429-4E75-833D-46DD84DC9F66}.Release|x86.ActiveCfg = Release|Win32
		{0BB001AA-E429-4E75-833D-46DD84DC9F66}.Release|x86.Build.0 = Release|Win32
		{1A8A6823-48AB-498F-A5D7-3DD8585F81C8}.Debug|Any CPU.ActiveCfg = Debug|Win32
		{1A8A6823-48AB-498F-A5D7-3DD8585F81C8}.Debug|x64.ActiveCfg = Debug|x64
		{1A8A6823-48AB-498F-A5D7-3DD8585F81C8}.Debug|x64.Build.0 = Debug|x64
		{1A8A6823-48AB-498F-A5D7-3DD8585F81C8}.Debug|x86.ActiveCfg = Debug|Win32
		{1A8A6823-48AB-498F-A5D7-3DD8585F81C8}.Debug|x86.Build.0 = Debug|Win32
		{1A8A6823-48AB-498F-A5D7-3DD8585F81C8}.Release|Any CPU.ActiveCfg = Release|Win32
		{1A8A6823-48AB-498F-A5D7-3DD8585F81C8}.Release|x64.ActiveCfg = Release|x64
		{1A8A6823-48AB-498F-A5D7-3DD8585F81C8}.Release|x64.Build.0 = Release|x64
		{1A8A6823-48AB-498F-A5D7-3DD8585F81C8}.Release|x86.ActiveCfg = Release|Win32
		{1A8A6823-48AB-498F-A5D7-3DD8585F81C8}.Release|x86.Build.0 = Release|Win32
		{487A2E55-9D69-478E-96F7-CFE313FE74FD}.Debug|Any CPU.ActiveCfg = Debug|Win32
		{487A2E55-9D69-478E-96F7-CFE313FE74FD}.Debug|x64.ActiveCfg = Debug|x64
		{487A2E55-9D69-478E-96F7-CFE313FE74FD}.Debug|x64.Build.0 = Debug|x64
		{487A2E55-9D69-478E-96F7-CFE313FE74FD}.Debug|x86.ActiveCfg = Debug|Win32
		{487A2E55-9D69-478E-96F7-CFE313FE74FD}.Debug|x86.Build.0 = Debug|Win32
		{487A2E55-9D69-478E-96F7-CFE313FE74FD}.Release|Any CPU.ActiveCfg = Release|Win32
		{487A2E55-9D69-478E-96F7-CFE313FE74FD}.Release|x64.ActiveCfg = Release|x64
		{487A2E55-9D69-478E-96F7-CFE313FE74FD}.Release|x64.Build.0 = Release|x64
		{487A2E55-9D69-478E-96F7-CFE313FE74FD}.Release|x86.ActiveCfg = Release|Win32
		{487A2E55-9D69-478E-96F7-CFE313FE74FD}.Release|x86.Build.0 = Release|Win32
		{75D28EB4-8592-4DAF-A4E5-449B9AC765BC}.Debug|Any CPU.ActiveCfg = Debug|Win32
		{75D28EB4-8592-4DAF-A4E5-449B9AC765BC}.Debug|x64.ActiveCfg = Debug|x64
		{75D28EB4-8592-4DAF-A4E5-449B9AC765BC}.Debug|x64.Build.0 = Debug|x64
		{75D28EB4-8592-4DAF-A4E5-449B9AC765BC}.Debug|x86.ActiveCfg = Debug|Win32
		{75D28EB4-8592-4DAF-A4E5-449B9AC765BC}.Debug|x86.Build.0 = Debug|Win32
		{75D28EB4-8592-4DAF-A4E5-449B9AC765BC}.Release|Any CPU.ActiveCfg = Release|Win32
		{75D28EB4-8592-4DAF-A4E5-449B9AC765BC}.Release|x64.ActiveCfg = Release|x64
		{75D28EB4-8592-4DAF-A4E5-449B9AC765BC}.Release|x64.Build.0 = Release|x64
		{75D28EB4-8592-4DAF-A4E5-449B9AC765BC}.Release|x86.ActiveCfg = Release|Win32
		{75D28EB4-8592-4DAF-A4E5-449B9AC765BC}.Release|x86.Build.0 = Release|Win32
		{0424F529-122F-4E9F-AABD-0D0C9320A5CA}.Debug|Any CPU.ActiveCfg = Debug|Win32
		{0424F529-122F-4E9F-AABD-0D0C9320A5CA}.Debug|x64.ActiveCfg = Debug|x64
		{0424F529-122F-4E9F-AABD-0D0C9320A5CA}.Debug|x64.Build.0 = Debug|x64
		{0424F529-122F-4E9F-AABD-0D0C9320A5CA}.Debug|x86.ActiveCfg = Debug|Win32
		{0424F529-122F-4E9F-AABD-0D0C9320A5CA}.Debug|x86.Build.0 = Debug|Win32
		{0424F529-122F-4E9F-AABD-0D0C9320A5CA}.Release|Any CPU.ActiveCfg = Release|Win32
		{0424F529-122F-4E9F-AABD-0D0C9320A5CA}.Release|x64.ActiveCfg = Release|x64
		{0424F529-122F-4E9F-AABD-0D0C9320A5CA}.Release|x64.Build.0 = Release|x64
		{0424F529-122F-4E9F-AABD-0D0C9320A5CA}.Release|x86.ActiveCfg = Release|Win32
		{0424F529-122F-4E9F-AABD-0D0C9320A5CA}.Release|x86.Build.0 = Release|Win32
		{6142412B-9376-466B-963A-09F0ED05FB15}.Debug|Any CPU.ActiveCfg = Debug|Win32
		{6142412B-9376-466B-963A-09F0ED05FB15}.Debug|x64.ActiveCfg = Debug|x64
		{6142412B-9376-466B-963A-09F0ED05FB15}.Debug|x64.Build.0 = Debug|x64
		{6142412B-9376-466B-963A-09F0ED05FB15}.Debug|x86.ActiveCfg = Debug|Win32
		{6142412B-9376-466B-963A-09F0ED05FB15}.Debug|x86.Build.0 = Debug|Win32
		{6142412B-9376-466B-963A-09F0ED05FB15}.Release|Any CPU.ActiveCfg = Release|Win32
		{6142412B-9376-466B-963A-09F0ED05FB15}.Release|x64.ActiveCfg = Release|x64
		{6142412B-9376-466B-963A-09F0ED05FB15}.Release|x64.Build.0 = Release|x64
		{6142412B-9376-466B-963A-09F0ED05FB15}.Release|x86.ActiveCfg = Release|Win32
		{6142412B-9376-466B-963A-09F0ED05FB15}.Release|x86.Build.0 = Release|Win32
		{AE32E363-E1B7-41DC-9BFE-87B2F1719267}.Debug|Any CPU.ActiveCfg = Debug|Win32
		{AE32E363-E1B7-41DC-9BFE-87B2F1719267}.Debug|x64.ActiveCfg = Debug|x64
		{AE32E363-E1B7-41DC-9BFE-87B2F1719267}.Debug|x64.Build.0 = Debug|x64
		{AE32E363-E1B7-41DC-9BFE-87B2F1719267}.Debug|x86.ActiveCfg = Debug|Win32
		{AE32E363-E1B7-41DC-9BFE-87B2F1719267}.Debug|x86.Build.0 = Debug|Win32
		{AE32E363-E1B7-41DC-9BFE-87B2F1719267}.Release|Any CPU.ActiveCfg = Release|Win32
		{AE32E363-E1B7-41DC-9BFE-87B2F1719267}.Release|x64.ActiveCfg = Release|x64
		{AE32E363-E1B7-41DC-9BFE-87B2F1719267}.Release|x64.Build.0 = Release|x64
		{AE32E363-E1B7-41DC-9BFE-87B2F1719267}.Release|x86.ActiveCfg = Release|Win32
		{AE32E363-E1B7-41DC-9BFE-87B2F1719267}.Release|x86.Build.0 = Release|Win32
		{FEEDB132-2498-4159-8E58-34824DF0211F}.Debug|Any CPU.ActiveCfg = Debug|Win32
		{FEEDB132-2498-4159-8E58-34824DF0211F}.Debug|x64.ActiveCfg = Debug|x64
		{FEEDB132-2498-4159-8E58-34824DF0211F}.Debug|x64.Build.0 = Debug|x64
		{FEEDB132-2498-4159-8E58-34824DF0211F}.Debug|x86.ActiveCfg = Debug|Win32
		{FEEDB132-2498-4159-8E58-34824DF0211F}.Debug|x86.Build.0 = Debug|Win32
		{FEEDB132-2498-4159-8E58-34824DF0211F}.Release|Any CPU.ActiveCfg = Release|Win32
		{FEEDB132-2498-4159-8E58-34824DF0211F}.Release|x64.ActiveCfg = Release|x64
		{FEEDB132-2498-4159-8E58-34824DF0211F}.Release|x64.Build.0 = Release|x64
		{FEEDB132-2498-4159-8E58-34824DF0211F}.Release|x86.ActiveCfg = Release|Win32
		{FEEDB132-2498-4159-8E58-34824DF0211F}.Release|x86.Build.0 = Release|Win32
		{FD9EEB7E-6F4A-493F-B50B-43347A5AE720}.Debug|Any CPU.ActiveCfg = Debug|Win32
		{FD9EEB7E-6F4A-493F-B50B-43347A5AE720}.Debug|x64.ActiveCfg = Debug|x64
		{FD9EEB7E-6F4A-493F-B50B-43347A5AE720}.Debug|x64.Build.0 = Debug|x64
		{FD9EEB7E-6F4A-493F-B50B-43347A5AE720}.Debug|x86.ActiveCfg = Debug|Win32
		{FD9EEB7E-6F4A-493F-B50B-43347A5AE720}.Debug|x86.Build.0 = Debug|Win32
		{FD9EEB7E-6F4A-493F-B50B-43347A5AE720}.Release|Any CPU.ActiveCfg = Release|Win32
		{FD9EEB7E-6F4A-493F-B50B-43347A5AE720}.Release|x64.ActiveCfg = Release|x64
		{FD9EEB7E-6F4A-493F-B50B-43347A5AE720}.Release|x64.Build.0 = Release|x64
		{FD9EEB7E-6F4A-493F-B50B-43347A5AE720}.Release|x86.ActiveCfg = Release|Win32
		{FD9EEB7E-6F4A-493F-B50B-43347A5AE720}.Release|x86.Build.0 = Release|Win32
		{7C5117BD-335A-4DEB-9919-C0ECD7E85330}.Debug|Any CPU.ActiveCfg = Debug|Win32
		{7C5117BD-335A-4DEB-9919-C0ECD7E85330}.Debug|x64.ActiveCfg = Debug|x64
		{7C5117BD-335A-4DEB-9919-C0ECD7E85330}.Debug|x64.Build.0 = Debug|x64
		{7C5117BD-335A-4DEB-9919-C0ECD7E85330}.Debug|x86.ActiveCfg = Debug|Win32
		{7C5117BD-335A-4DEB-9919-C0ECD7E85330}.Debug|x86.Build.0 = Debug|Win32
		{7C5117BD-335A-4DEB-9919-C0ECD7E85330}.Release|Any CPU.ActiveCfg = Release|Win32
		{7C5117BD-335A-4DEB-9919-C0ECD7E85330}.Release|x64.ActiveCfg = Release|x64
		{7C5117BD-335A-4DEB-9919-C0ECD7E85330}.Release|x64.Build.0 = Release|x64
		{7C5117BD-335A-4DEB-9919-C0ECD7E85330}.Release|x86.ActiveCfg = Release|Win32
		{7C5117BD-335A-4DEB-9919-C0ECD7E85330}.Release|x86.Build.0 = Release|Win32
		{F7B90290-9060-4275-9C58-11C7AB3E7832}.Debug|Any CPU.ActiveCfg = Debug|Win32
		{F7B90290-9060-4275-9C58-11C7AB3E7832}.Debug|x64.ActiveCfg = Debug|x64
		{F7B90290-9060-4275-9C58-11C7AB3E7832}.Debug|x64.Build.0 = Debug|x64
		{F7B90290-9060-4275-9C58-11C7AB3E7832}.Debug|x86.ActiveCfg = Debug|Win32
		{F7B90290-9060-4275-9C58-11C7AB3E7832}.Debug|x86.Build.0 = Debug|Win32
		{F7B90290-9060-4275-9C58-11C7AB3E7832}.Release|Any CPU.ActiveCfg = Release|Win32
		{F7B90290-9060-4275-9C58-11C7AB3E7832}.Release|x64.ActiveCfg = Release|x64
		{F7B90290-9060-4275-9C58-11C7AB3E7832}.Release|x64.Build.0 = Release|x64
		{F7B90290-9060-4275-9C58-11C7AB3E7832}.Release|x86.ActiveCfg = Release|Win32
		{F7B90290-9060-4275-9C58-11C7AB3E7832}.Release|x86.Build.0 = Release|Win32
		{BFFD7FEB-C7D4-4D20-895D-3610DE86BE7E}.Debug|Any CPU.ActiveCfg = Debug|Win32
		{BFFD7FEB-C7D4-4D20-895D-3610DE86BE7E}.Debug|x64.ActiveCfg = Debug|x64
		{BFFD7FEB-C7D4-4D20-895D-3610DE86BE7E}.Debug|x64.Build.0 = Debug|x64
		{BFFD7FEB-C7D4-4D20-895D-3610DE86BE7E}.Debug|x86.ActiveCfg = Debug|Win32
		{BFFD7FEB-C7D4-4D20-895D-3610DE86BE7E}.Debug|x86.Build.0 = Debug|Win32
		{BFFD7FEB-C7D4-4D20-895D-3610DE86BE7E}.Release|Any CPU.ActiveCfg = Release|Win32
		{BFFD7FEB-C7D4-4D20-895D-3610DE86BE7E}.Release|x64.ActiveCfg = Release|x64
		{BFFD7FEB-C7D4-4D20-895D-3610DE86BE7E}.Release|x64.Build.0 = Release|x64
		{BFFD7FEB-C7D4-4D20-895D-3610DE86BE7E}.Release|x86.ActiveCfg = Release|Win32
		{BFFD7FEB-C7D4-4D20-895D-3610DE86BE7E}.Release|x86.Build.0 = Release|Win32
		{DA5423D2-146A-49C8-95A0-965F4D651F22}.Debug|Any CPU.ActiveCfg = Debug|Win32
		{DA5423D2-146A-49C8-95A0-965F4D651F22}.Debug|x64.ActiveCfg = Debug|x64
		{DA5423D2-146A-49C8-95A0-965F4D651F22}.Debug|x64.Build.0 = Debug|x64
		{DA5423D2-146A-49C8-95A0-965F4D651F22}.Debug|x86.ActiveCfg = Debug|Win32
		{DA5423D2-146A-49C8-95A0-965F4D651F22}.Debug|x86.Build.0 = Debug|Win32
		{DA5423D2-146A-49C8-95A0-965F4D651F22}.Release|Any CPU.ActiveCfg = Release|Win32
		{DA5423D2-146A-49C8-95A0-965F4D651F22}.Release|x64.ActiveCfg = Release|x64
		{DA5423D2-146A-49C8-95A0-965F4D651F22}.Release|x64.Build.0 = Release|x64
		{DA5423D2-146A-49C8-95A0-965F4D651F22}.Release|x86.ActiveCfg = Release|Win32
		{DA5423D2-146A-49C8-95A0-965F4D651F22}.Release|x86.Build.0 = Release|Win32
		{873C8F6F-ECE8-4328-B363-1B0C3C851976}.Debug|Any CPU.ActiveCfg = Debug|Win32
		{873C8F6F-ECE8-4328-B363-1B0C3C851976}.Debug|x64.ActiveCfg = Debug|x64
		{873C8F6F-ECE8-4328-B363-1B0C3C851976}.Debug|x64.Build.0 = Debug|x64
		{873C8F6F-ECE8-4328-B363-1B0C3C851976}.Debug|x86.ActiveCfg = Debug|Win32
		{873C8F6F-ECE8-4328-B363-1B0C3C851976}.Debug|x86.Build.0 = Debug|Win32
		{873C8F6F-ECE8-4328-B363-1B0C3C851976}.Release|Any CPU.ActiveCfg = Release|Win32
		{873C8F6F-ECE8-4328-B363-1B0C3C851976}.Release|x64.ActiveCfg = Release|x64
		{873C8F6F-ECE8-4328-B363-1B0C3C851976}.Release|x64.Build.0 = Release|x64
		{873C8F6F-ECE8-4328-B363-1B0C3C851976}.Release|x86.ActiveCfg = Release|Win32
		{873C8F6F-ECE8-4328-B363-1B0C3C851976}.Release|x86.Build.0 = Release|Win32
		{3B9025CC-62DF-476C-BB4E-E6D534B2C66B}.Debug|Any CPU.ActiveCfg = Debug|Win32
		{3B9025CC-62DF-476C-BB4E-E6D534B2C66B}.Debug|x64.ActiveCfg = Debug|x64
		{3B9025CC-62DF-476C-BB4E-E6D534B2C66B}.Debug|x64.Build.0 = Debug|x64
		{3B9025CC-62DF-476C-BB4E-E6D534B2C66B}.Debug|x86.ActiveCfg = Debug|Win32
		{3B9025CC-62DF-476C-BB4E-E6D534B2C66B}.Debug|x86.Build.0 = Debug|Win32
		{3B9025CC-62DF-476C-BB4E-E6D534B2C66B}.Release|Any CPU.ActiveCfg = Release|Win32
		{3B9025CC-62DF-476C-BB4E-E6D534B2C66B}.Release|x64.ActiveCfg = Release|x64
		{3B9025CC-62DF-476C-BB4E-E6D534B2C66B}.Release|x64.Build.0 = Release|x64
		{3B9025CC-62DF-476C-BB4E-E6D534B2C66B}.Release|x86.ActiveCfg = Release|Win32
		{3B9025CC-62DF-476C-BB4E-E6D534B2C66B}.Release|x86.Build.0 = Release|Win32
		{43698FCA-16B7-4934-8AD8-059B94F38841}.Debug|Any CPU.ActiveCfg = Debug|Win32
		{43698FCA-16B7-4934-8AD8-059B94F38841}.Debug|x64.ActiveCfg = Debug|x64
		{43698FCA-16B7-4934-8AD8-059B94F38841}.Debug|x64.Build.0 = Debug|x64
		{43698FCA-16B7-4934-8AD8-059B94F38841}.Debug|x86.ActiveCfg = Debug|Win32
		{43698FCA-16B7-4934-8AD8-059B94F38841}.Debug|x86.Build.0 = Debug|Win32
		{43698FCA-16B7-4934-8AD8-059B94F38841}.Release|Any CPU.ActiveCfg = Release|Win32
		{43698FCA-16B7-4934-8AD8-059B94F38841}.Release|x64.ActiveCfg = Release|x64
		{43698FCA-16B7-4934-8AD8-059B94F38841}.Release|x64.Build.0 = Release|x64
		{43698FCA-16B7-4934-8AD8-059B94F38841}.Release|x86.ActiveCfg = Release|Win32
		{43698FCA-16B7-4934-8AD8-059B94F38841}.Release|x86.Build.0 = Release|Win32
		{598EB030-E2B0-4C1A-AE57-1C847D96E14D}.Debug|Any CPU.ActiveCfg = Debug|Win32
		{598EB030-E2B0-4C1A-AE57-1C847D96E14D}.Debug|x64.ActiveCfg = Debug|x64
		{598EB030-E2B0-4C1A-AE57-1C847D96E14D}.Debug|x64.Build.0 = Debug|x64
		{598EB030-E2B0-4C1A-AE57-1C847D96E14D}.Debug|x86.ActiveCfg = Debug|Win32
		{598EB030-E2B0-4C1A-AE57-1C847D96E14D}.Debug|x86.Build.0 = Debug|Win32
		{598EB030-E2B0-4C1A-AE57-1C847D96E14D}.Release|Any CPU.ActiveCfg = Release|Win32
		{598EB030-E2B0-4C1A-AE57-1C847D96E14D}.Release|x64.ActiveCfg = Release|x64
		{598EB030-E2B0-4C1A-AE57-1C847D96E14D}.Release|x64.Build.0 = Release|x64
		{598EB030-E2B0-4C1A-AE57-1C847D96E14D}.Release|x86.ActiveCfg = Release|Win32
		{598EB030-E2B0-4C1A-AE57-1C847D96E14D}.Release|x86.Build.0 = Release|Win32
		{E15452F2-15A5-4CD0-8589-F47038C8DFB0}.Debug|Any CPU.ActiveCfg = Debug|Win32
		{E15452F2-15A5-4CD0-8589-F47038C8DFB0}.Debug|x64.ActiveCfg = Debug|x64
		{E15452F2-15A5-4CD0-8589-F47038C8DFB0}.Debug|x64.Build.0 = Debug|x64
		{E15452F2-15A5-4CD0-8589-F47038C8DFB0}.Debug|x86.ActiveCfg = Debug|Win32
		{E15452F2-15A5-4CD0-8589-F47038C8DFB0}.Debug|x86.Build.0 = Debug|Win32
		{E15452F2-15A5-4CD0-8589-F47038C8DFB0}.Release|Any CPU.ActiveCfg = Release|Win32
		{E15452F2-15A5-4CD0-8589-F47038C8DFB0}.Release|x64.ActiveCfg = Release|x64
		{E15452F2-15A5-4CD0-8589-F47038C8DFB0}.Release|x64.Build.0 = Release|x64
		{E15452F2-15A5-4CD0-8589-F47038C8DFB0}.Release|x86.ActiveCfg = Release|Win32
		{E15452F2-15A5-4CD0-8589-F47038C8DFB0}.Release|x86.Build.0 = Release|Win32
	EndGlobalSection
	GlobalSection(SolutionProperties) = preSolution
		HideSolutionNode = FALSE
	EndGlobalSection
	GlobalSection(ExtensibilityGlobals) = postSolution
		SolutionGuid = {FF1C3FA2-1D79-4544-8397-CCBCE53A4034}
	EndGlobalSection
EndGlobal
